// !$*UTF8*$!
{
	archiveVersion = 1;
	classes = {
	};
	objectVersion = 46;
	objects = {

/* Begin PBXBuildFile section */
		C4D95A561F0C70B60058F4DF /* main.m in Sources */ = {isa = PBXBuildFile; fileRef = C4D95A551F0C70B60058F4DF /* main.m */; };
		C4D95A591F0C70B60058F4DF /* AppDelegate.m in Sources */ = {isa = PBXBuildFile; fileRef = C4D95A581F0C70B60058F4DF /* AppDelegate.m */; };
		C4D95A5C1F0C70B60058F4DF /* ViewController.m in Sources */ = {isa = PBXBuildFile; fileRef = C4D95A5B1F0C70B60058F4DF /* ViewController.m */; };
		C4D95A5F1F0C70B60058F4DF /* Main.storyboard in Resources */ = {isa = PBXBuildFile; fileRef = C4D95A5D1F0C70B60058F4DF /* Main.storyboard */; };
		C4D95A611F0C70B60058F4DF /* Assets.xcassets in Resources */ = {isa = PBXBuildFile; fileRef = C4D95A601F0C70B60058F4DF /* Assets.xcassets */; };
		C4D95A641F0C70B60058F4DF /* LaunchScreen.storyboard in Resources */ = {isa = PBXBuildFile; fileRef = C4D95A621F0C70B60058F4DF /* LaunchScreen.storyboard */; };
		C4D95A6F1F0C70B60058F4DF /* EGProjectTests.m in Sources */ = {isa = PBXBuildFile; fileRef = C4D95A6E1F0C70B60058F4DF /* EGProjectTests.m */; };
		C4D95A7A1F0C70B60058F4DF /* EGProjectUITests.m in Sources */ = {isa = PBXBuildFile; fileRef = C4D95A791F0C70B60058F4DF /* EGProjectUITests.m */; };
/* End PBXBuildFile section */

/* Begin PBXContainerItemProxy section */
		C4D95A6B1F0C70B60058F4DF /* PBXContainerItemProxy */ = {
			isa = PBXContainerItemProxy;
			containerPortal = C4D95A491F0C70B60058F4DF /* Project object */;
			proxyType = 1;
			remoteGlobalIDString = C4D95A501F0C70B60058F4DF;
			remoteInfo = EGProject;
		};
		C4D95A761F0C70B60058F4DF /* PBXContainerItemProxy */ = {
			isa = PBXContainerItemProxy;
			containerPortal = C4D95A491F0C70B60058F4DF /* Project object */;
			proxyType = 1;
			remoteGlobalIDString = C4D95A501F0C70B60058F4DF;
			remoteInfo = EGProject;
		};
/* End PBXContainerItemProxy section */

/* Begin PBXFileReference section */
		C4D95A511F0C70B60058F4DF /* EGProject.app */ = {isa = PBXFileReference; explicitFileType = wrapper.application; includeInIndex = 0; path = EGProject.app; sourceTree = BUILT_PRODUCTS_DIR; };
		C4D95A551F0C70B60058F4DF /* main.m */ = {isa = PBXFileReference; lastKnownFileType = sourcecode.c.objc; path = main.m; sourceTree = "<group>"; };
		C4D95A571F0C70B60058F4DF /* AppDelegate.h */ = {isa = PBXFileReference; lastKnownFileType = sourcecode.c.h; path = AppDelegate.h; sourceTree = "<group>"; };
		C4D95A581F0C70B60058F4DF /* AppDelegate.m */ = {isa = PBXFileReference; lastKnownFileType = sourcecode.c.objc; path = AppDelegate.m; sourceTree = "<group>"; };
		C4D95A5A1F0C70B60058F4DF /* ViewController.h */ = {isa = PBXFileReference; lastKnownFileType = sourcecode.c.h; path = ViewController.h; sourceTree = "<group>"; };
		C4D95A5B1F0C70B60058F4DF /* ViewController.m */ = {isa = PBXFileReference; lastKnownFileType = sourcecode.c.objc; path = ViewController.m; sourceTree = "<group>"; };
		C4D95A5E1F0C70B60058F4DF /* Base */ = {isa = PBXFileReference; lastKnownFileType = file.storyboard; name = Base; path = Base.lproj/Main.storyboard; sourceTree = "<group>"; };
		C4D95A601F0C70B60058F4DF /* Assets.xcassets */ = {isa = PBXFileReference; lastKnownFileType = folder.assetcatalog; path = Assets.xcassets; sourceTree = "<group>"; };
		C4D95A631F0C70B60058F4DF /* Base */ = {isa = PBXFileReference; lastKnownFileType = file.storyboard; name = Base; path = Base.lproj/LaunchScreen.storyboard; sourceTree = "<group>"; };
		C4D95A651F0C70B60058F4DF /* Info.plist */ = {isa = PBXFileReference; lastKnownFileType = text.plist.xml; path = Info.plist; sourceTree = "<group>"; };
		C4D95A6A1F0C70B60058F4DF /* EGProjectTests.xctest */ = {isa = PBXFileReference; explicitFileType = wrapper.cfbundle; includeInIndex = 0; path = EGProjectTests.xctest; sourceTree = BUILT_PRODUCTS_DIR; };
		C4D95A6E1F0C70B60058F4DF /* EGProjectTests.m */ = {isa = PBXFileReference; lastKnownFileType = sourcecode.c.objc; path = EGProjectTests.m; sourceTree = "<group>"; };
		C4D95A701F0C70B60058F4DF /* Info.plist */ = {isa = PBXFileReference; lastKnownFileType = text.plist.xml; path = Info.plist; sourceTree = "<group>"; };
		C4D95A751F0C70B60058F4DF /* EGProjectUITests.xctest */ = {isa = PBXFileReference; explicitFileType = wrapper.cfbundle; includeInIndex = 0; path = EGProjectUITests.xctest; sourceTree = BUILT_PRODUCTS_DIR; };
		C4D95A791F0C70B60058F4DF /* EGProjectUITests.m */ = {isa = PBXFileReference; lastKnownFileType = sourcecode.c.objc; path = EGProjectUITests.m; sourceTree = "<group>"; };
		C4D95A7B1F0C70B60058F4DF /* Info.plist */ = {isa = PBXFileReference; lastKnownFileType = text.plist.xml; path = Info.plist; sourceTree = "<group>"; };
/* End PBXFileReference section */

/* Begin PBXFrameworksBuildPhase section */
		C4D95A4E1F0C70B60058F4DF /* Frameworks */ = {
			isa = PBXFrameworksBuildPhase;
			buildActionMask = 2147483647;
			files = (
			);
			runOnlyForDeploymentPostprocessing = 0;
		};
		C4D95A671F0C70B60058F4DF /* Frameworks */ = {
			isa = PBXFrameworksBuildPhase;
			buildActionMask = 2147483647;
			files = (
			);
			runOnlyForDeploymentPostprocessing = 0;
		};
		C4D95A721F0C70B60058F4DF /* Frameworks */ = {
			isa = PBXFrameworksBuildPhase;
			buildActionMask = 2147483647;
			files = (
			);
			runOnlyForDeploymentPostprocessing = 0;
		};
/* End PBXFrameworksBuildPhase section */

/* Begin PBXGroup section */
		C4D95A481F0C70B60058F4DF = {
			isa = PBXGroup;
			children = (
				C4D95A531F0C70B60058F4DF /* EGProject */,
				C4D95A6D1F0C70B60058F4DF /* EGProjectTests */,
				C4D95A781F0C70B60058F4DF /* EGProjectUITests */,
				C4D95A521F0C70B60058F4DF /* Products */,
			);
			sourceTree = "<group>";
		};
		C4D95A521F0C70B60058F4DF /* Products */ = {
			isa = PBXGroup;
			children = (
				C4D95A511F0C70B60058F4DF /* EGProject.app */,
				C4D95A6A1F0C70B60058F4DF /* EGProjectTests.xctest */,
				C4D95A751F0C70B60058F4DF /* EGProjectUITests.xctest */,
			);
			name = Products;
			sourceTree = "<group>";
		};
		C4D95A531F0C70B60058F4DF /* EGProject */ = {
			isa = PBXGroup;
			children = (
				C4D95A571F0C70B60058F4DF /* AppDelegate.h */,
				C4D95A581F0C70B60058F4DF /* AppDelegate.m */,
				C4D95A5A1F0C70B60058F4DF /* ViewController.h */,
				C4D95A5B1F0C70B60058F4DF /* ViewController.m */,
				C4D95A5D1F0C70B60058F4DF /* Main.storyboard */,
				C4D95A601F0C70B60058F4DF /* Assets.xcassets */,
				C4D95A621F0C70B60058F4DF /* LaunchScreen.storyboard */,
				C4D95A651F0C70B60058F4DF /* Info.plist */,
				C4D95A541F0C70B60058F4DF /* Supporting Files */,
			);
			path = EGProject;
			sourceTree = "<group>";
		};
		C4D95A541F0C70B60058F4DF /* Supporting Files */ = {
			isa = PBXGroup;
			children = (
				C4D95A551F0C70B60058F4DF /* main.m */,
			);
			name = "Supporting Files";
			sourceTree = "<group>";
		};
		C4D95A6D1F0C70B60058F4DF /* EGProjectTests */ = {
			isa = PBXGroup;
			children = (
				C4D95A6E1F0C70B60058F4DF /* EGProjectTests.m */,
				C4D95A701F0C70B60058F4DF /* Info.plist */,
			);
			path = EGProjectTests;
			sourceTree = "<group>";
		};
		C4D95A781F0C70B60058F4DF /* EGProjectUITests */ = {
			isa = PBXGroup;
			children = (
				C4D95A791F0C70B60058F4DF /* EGProjectUITests.m */,
				C4D95A7B1F0C70B60058F4DF /* Info.plist */,
			);
			path = EGProjectUITests;
			sourceTree = "<group>";
		};
/* End PBXGroup section */

/* Begin PBXNativeTarget section */
		C4D95A501F0C70B60058F4DF /* EGProject */ = {
			isa = PBXNativeTarget;
			buildConfigurationList = C4D95A7E1F0C70B60058F4DF /* Build configuration list for PBXNativeTarget "EGProject" */;
			buildPhases = (
				C4D95A4D1F0C70B60058F4DF /* Sources */,
				C4D95A4E1F0C70B60058F4DF /* Frameworks */,
				C4D95A4F1F0C70B60058F4DF /* Resources */,
			);
			buildRules = (
			);
			dependencies = (
			);
			name = EGProject;
			productName = EGProject;
			productReference = C4D95A511F0C70B60058F4DF /* EGProject.app */;
			productType = "com.apple.product-type.application";
		};
		C4D95A691F0C70B60058F4DF /* EGProjectTests */ = {
			isa = PBXNativeTarget;
			buildConfigurationList = C4D95A811F0C70B60058F4DF /* Build configuration list for PBXNativeTarget "EGProjectTests" */;
			buildPhases = (
				C4D95A661F0C70B60058F4DF /* Sources */,
				C4D95A671F0C70B60058F4DF /* Frameworks */,
				C4D95A681F0C70B60058F4DF /* Resources */,
			);
			buildRules = (
			);
			dependencies = (
				C4D95A6C1F0C70B60058F4DF /* PBXTargetDependency */,
			);
			name = EGProjectTests;
			productName = EGProjectTests;
			productReference = C4D95A6A1F0C70B60058F4DF /* EGProjectTests.xctest */;
			productType = "com.apple.product-type.bundle.unit-test";
		};
		C4D95A741F0C70B60058F4DF /* EGProjectUITests */ = {
			isa = PBXNativeTarget;
			buildConfigurationList = C4D95A841F0C70B60058F4DF /* Build configuration list for PBXNativeTarget "EGProjectUITests" */;
			buildPhases = (
				C4D95A711F0C70B60058F4DF /* Sources */,
				C4D95A721F0C70B60058F4DF /* Frameworks */,
				C4D95A731F0C70B60058F4DF /* Resources */,
			);
			buildRules = (
			);
			dependencies = (
				C4D95A771F0C70B60058F4DF /* PBXTargetDependency */,
			);
			name = EGProjectUITests;
			productName = EGProjectUITests;
			productReference = C4D95A751F0C70B60058F4DF /* EGProjectUITests.xctest */;
			productType = "com.apple.product-type.bundle.ui-testing";
		};
/* End PBXNativeTarget section */

/* Begin PBXProject section */
		C4D95A491F0C70B60058F4DF /* Project object */ = {
			isa = PBXProject;
			attributes = {
				LastUpgradeCheck = 0830;
				ORGANIZATIONNAME = EGMade;
				TargetAttributes = {
					C4D95A501F0C70B60058F4DF = {
						CreatedOnToolsVersion = 8.3.3;
						DevelopmentTeam = 3RQ4UGLT33;
						ProvisioningStyle = Automatic;
					};
					C4D95A691F0C70B60058F4DF = {
						CreatedOnToolsVersion = 8.3.3;
						DevelopmentTeam = 3RQ4UGLT33;
						ProvisioningStyle = Automatic;
						TestTargetID = C4D95A501F0C70B60058F4DF;
					};
					C4D95A741F0C70B60058F4DF = {
						CreatedOnToolsVersion = 8.3.3;
						DevelopmentTeam = 3RQ4UGLT33;
						ProvisioningStyle = Automatic;
						TestTargetID = C4D95A501F0C70B60058F4DF;
					};
				};
			};
			buildConfigurationList = C4D95A4C1F0C70B60058F4DF /* Build configuration list for PBXProject "EGProject" */;
			compatibilityVersion = "Xcode 3.2";
			developmentRegion = English;
			hasScannedForEncodings = 0;
			knownRegions = (
				en,
				Base,
			);
			mainGroup = C4D95A481F0C70B60058F4DF;
			productRefGroup = C4D95A521F0C70B60058F4DF /* Products */;
			projectDirPath = "";
			projectRoot = "";
			targets = (
				C4D95A501F0C70B60058F4DF /* EGProject */,
				C4D95A691F0C70B60058F4DF /* EGProjectTests */,
				C4D95A741F0C70B60058F4DF /* EGProjectUITests */,
			);
		};
/* End PBXProject section */

/* Begin PBXResourcesBuildPhase section */
		C4D95A4F1F0C70B60058F4DF /* Resources */ = {
			isa = PBXResourcesBuildPhase;
			buildActionMask = 2147483647;
			files = (
				C4D95A641F0C70B60058F4DF /* LaunchScreen.storyboard in Resources */,
				C4D95A611F0C70B60058F4DF /* Assets.xcassets in Resources */,
				C4D95A5F1F0C70B60058F4DF /* Main.storyboard in Resources */,
			);
			runOnlyForDeploymentPostprocessing = 0;
		};
		C4D95A681F0C70B60058F4DF /* Resources */ = {
			isa = PBXResourcesBuildPhase;
			buildActionMask = 2147483647;
			files = (
			);
			runOnlyForDeploymentPostprocessing = 0;
		};
		C4D95A731F0C70B60058F4DF /* Resources */ = {
			isa = PBXResourcesBuildPhase;
			buildActionMask = 2147483647;
			files = (
			);
			runOnlyForDeploymentPostprocessing = 0;
		};
/* End PBXResourcesBuildPhase section */

/* Begin PBXSourcesBuildPhase section */
		C4D95A4D1F0C70B60058F4DF /* Sources */ = {
			isa = PBXSourcesBuildPhase;
			buildActionMask = 2147483647;
			files = (
				C4D95A5C1F0C70B60058F4DF /* ViewController.m in Sources */,
				C4D95A591F0C70B60058F4DF /* AppDelegate.m in Sources */,
				C4D95A561F0C70B60058F4DF /* main.m in Sources */,
			);
			runOnlyForDeploymentPostprocessing = 0;
		};
		C4D95A661F0C70B60058F4DF /* Sources */ = {
			isa = PBXSourcesBuildPhase;
			buildActionMask = 2147483647;
			files = (
				C4D95A6F1F0C70B60058F4DF /* EGProjectTests.m in Sources */,
			);
			runOnlyForDeploymentPostprocessing = 0;
		};
		C4D95A711F0C70B60058F4DF /* Sources */ = {
			isa = PBXSourcesBuildPhase;
			buildActionMask = 2147483647;
			files = (
				C4D95A7A1F0C70B60058F4DF /* EGProjectUITests.m in Sources */,
			);
			runOnlyForDeploymentPostprocessing = 0;
		};
/* End PBXSourcesBuildPhase section */

/* Begin PBXTargetDependency section */
		C4D95A6C1F0C70B60058F4DF /* PBXTargetDependency */ = {
			isa = PBXTargetDependency;
			target = C4D95A501F0C70B60058F4DF /* EGProject */;
			targetProxy = C4D95A6B1F0C70B60058F4DF /* PBXContainerItemProxy */;
		};
		C4D95A771F0C70B60058F4DF /* PBXTargetDependency */ = {
			isa = PBXTargetDependency;
			target = C4D95A501F0C70B60058F4DF /* EGProject */;
			targetProxy = C4D95A761F0C70B60058F4DF /* PBXContainerItemProxy */;
		};
/* End PBXTargetDependency section */

/* Begin PBXVariantGroup section */
		C4D95A5D1F0C70B60058F4DF /* Main.storyboard */ = {
			isa = PBXVariantGroup;
			children = (
				C4D95A5E1F0C70B60058F4DF /* Base */,
			);
			name = Main.storyboard;
			sourceTree = "<group>";
		};
		C4D95A621F0C70B60058F4DF /* LaunchScreen.storyboard */ = {
			isa = PBXVariantGroup;
			children = (
				C4D95A631F0C70B60058F4DF /* Base */,
			);
			name = LaunchScreen.storyboard;
			sourceTree = "<group>";
		};
/* End PBXVariantGroup section */

/* Begin XCBuildConfiguration section */
		C4D95A7C1F0C70B60058F4DF /* Debug */ = {
			isa = XCBuildConfiguration;
			buildSettings = {
				ALWAYS_SEARCH_USER_PATHS = NO;
				CLANG_ANALYZER_NONNULL = YES;
				CLANG_ANALYZER_NUMBER_OBJECT_CONVERSION = YES_AGGRESSIVE;
				CLANG_CXX_LANGUAGE_STANDARD = "gnu++0x";
				CLANG_CXX_LIBRARY = "libc++";
				CLANG_ENABLE_MODULES = YES;
				CLANG_ENABLE_OBJC_ARC = YES;
				CLANG_WARN_BOOL_CONVERSION = YES;
				CLANG_WARN_CONSTANT_CONVERSION = YES;
				CLANG_WARN_DIRECT_OBJC_ISA_USAGE = YES_ERROR;
				CLANG_WARN_DOCUMENTATION_COMMENTS = YES;
				CLANG_WARN_EMPTY_BODY = YES;
				CLANG_WARN_ENUM_CONVERSION = YES;
				CLANG_WARN_INFINITE_RECURSION = YES;
				CLANG_WARN_INT_CONVERSION = YES;
				CLANG_WARN_OBJC_ROOT_CLASS = YES_ERROR;
				CLANG_WARN_SUSPICIOUS_MOVE = YES;
				CLANG_WARN_UNREACHABLE_CODE = YES;
				CLANG_WARN__DUPLICATE_METHOD_MATCH = YES;
				"CODE_SIGN_IDENTITY[sdk=iphoneos*]" = "iPhone Developer";
				COPY_PHASE_STRIP = NO;
				DEBUG_INFORMATION_FORMAT = dwarf;
				ENABLE_STRICT_OBJC_MSGSEND = YES;
				ENABLE_TESTABILITY = YES;
				GCC_C_LANGUAGE_STANDARD = gnu99;
				GCC_DYNAMIC_NO_PIC = NO;
				GCC_NO_COMMON_BLOCKS = YES;
				GCC_OPTIMIZATION_LEVEL = 0;
				GCC_PREPROCESSOR_DEFINITIONS = (
					"DEBUG=1",
					"$(inherited)",
				);
				GCC_WARN_64_TO_32_BIT_CONVERSION = YES;
				GCC_WARN_ABOUT_RETURN_TYPE = YES_ERROR;
				GCC_WARN_UNDECLARED_SELECTOR = YES;
				GCC_WARN_UNINITIALIZED_AUTOS = YES_AGGRESSIVE;
				GCC_WARN_UNUSED_FUNCTION = YES;
				GCC_WARN_UNUSED_VARIABLE = YES;
				IPHONEOS_DEPLOYMENT_TARGET = 10.3;
				MTL_ENABLE_DEBUG_INFO = YES;
				ONLY_ACTIVE_ARCH = YES;
				SDKROOT = iphoneos;
			};
			name = Debug;
		};
		C4D95A7D1F0C70B60058F4DF /* Release */ = {
			isa = XCBuildConfiguration;
			buildSettings = {
				ALWAYS_SEARCH_USER_PATHS = NO;
				CLANG_ANALYZER_NONNULL = YES;
				CLANG_ANALYZER_NUMBER_OBJECT_CONVERSION = YES_AGGRESSIVE;
				CLANG_CXX_LANGUAGE_STANDARD = "gnu++0x";
				CLANG_CXX_LIBRARY = "libc++";
				CLANG_ENABLE_MODULES = YES;
				CLANG_ENABLE_OBJC_ARC = YES;
				CLANG_WARN_BOOL_CONVERSION = YES;
				CLANG_WARN_CONSTANT_CONVERSION = YES;
				CLANG_WARN_DIRECT_OBJC_ISA_USAGE = YES_ERROR;
				CLANG_WARN_DOCUMENTATION_COMMENTS = YES;
				CLANG_WARN_EMPTY_BODY = YES;
				CLANG_WARN_ENUM_CONVERSION = YES;
				CLANG_WARN_INFINITE_RECURSION = YES;
				CLANG_WARN_INT_CONVERSION = YES;
				CLANG_WARN_OBJC_ROOT_CLASS = YES_ERROR;
				CLANG_WARN_SUSPICIOUS_MOVE = YES;
				CLANG_WARN_UNREACHABLE_CODE = YES;
				CLANG_WARN__DUPLICATE_METHOD_MATCH = YES;
				"CODE_SIGN_IDENTITY[sdk=iphoneos*]" = "iPhone Developer";
				COPY_PHASE_STRIP = NO;
				DEBUG_INFORMATION_FORMAT = "dwarf-with-dsym";
				ENABLE_NS_ASSERTIONS = NO;
				ENABLE_STRICT_OBJC_MSGSEND = YES;
				GCC_C_LANGUAGE_STANDARD = gnu99;
				GCC_NO_COMMON_BLOCKS = YES;
				GCC_WARN_64_TO_32_BIT_CONVERSION = YES;
				GCC_WARN_ABOUT_RETURN_TYPE = YES_ERROR;
				GCC_WARN_UNDECLARED_SELECTOR = YES;
				GCC_WARN_UNINITIALIZED_AUTOS = YES_AGGRESSIVE;
				GCC_WARN_UNUSED_FUNCTION = YES;
				GCC_WARN_UNUSED_VARIABLE = YES;
				IPHONEOS_DEPLOYMENT_TARGET = 10.3;
				MTL_ENABLE_DEBUG_INFO = NO;
				SDKROOT = iphoneos;
				VALIDATE_PRODUCT = YES;
			};
			name = Release;
		};
		C4D95A7F1F0C70B60058F4DF /* Debug */ = {
			isa = XCBuildConfiguration;
			buildSettings = {
				ASSETCATALOG_COMPILER_APPICON_NAME = AppIcon;
				DEVELOPMENT_TEAM = 3RQ4UGLT33;
				INFOPLIST_FILE = EGProject/Info.plist;
				LD_RUNPATH_SEARCH_PATHS = "$(inherited) @executable_path/Frameworks";
				PRODUCT_BUNDLE_IDENTIFIER = com.evilGoose.EGProject;
				PRODUCT_NAME = "$(TARGET_NAME)";
			};
			name = Debug;
		};
		C4D95A801F0C70B60058F4DF /* Release */ = {
			isa = XCBuildConfiguration;
			buildSettings = {
				ASSETCATALOG_COMPILER_APPICON_NAME = AppIcon;
				DEVELOPMENT_TEAM = 3RQ4UGLT33;
				INFOPLIST_FILE = EGProject/Info.plist;
				LD_RUNPATH_SEARCH_PATHS = "$(inherited) @executable_path/Frameworks";
				PRODUCT_BUNDLE_IDENTIFIER = com.evilGoose.EGProject;
				PRODUCT_NAME = "$(TARGET_NAME)";
			};
			name = Release;
		};
		C4D95A821F0C70B60058F4DF /* Debug */ = {
			isa = XCBuildConfiguration;
			buildSettings = {
				BUNDLE_LOADER = "$(TEST_HOST)";
				DEVELOPMENT_TEAM = 3RQ4UGLT33;
				INFOPLIST_FILE = EGProjectTests/Info.plist;
				LD_RUNPATH_SEARCH_PATHS = "$(inherited) @executable_path/Frameworks @loader_path/Frameworks";
				PRODUCT_BUNDLE_IDENTIFIER = com.evilGoose.EGProjectTests;
				PRODUCT_NAME = "$(TARGET_NAME)";
				TEST_HOST = "$(BUILT_PRODUCTS_DIR)/EGProject.app/EGProject";
			};
			name = Debug;
		};
		C4D95A831F0C70B60058F4DF /* Release */ = {
			isa = XCBuildConfiguration;
			buildSettings = {
				BUNDLE_LOADER = "$(TEST_HOST)";
				DEVELOPMENT_TEAM = 3RQ4UGLT33;
				INFOPLIST_FILE = EGProjectTests/Info.plist;
				LD_RUNPATH_SEARCH_PATHS = "$(inherited) @executable_path/Frameworks @loader_path/Frameworks";
				PRODUCT_BUNDLE_IDENTIFIER = com.evilGoose.EGProjectTests;
				PRODUCT_NAME = "$(TARGET_NAME)";
				TEST_HOST = "$(BUILT_PRODUCTS_DIR)/EGProject.app/EGProject";
			};
			name = Release;
		};
		C4D95A851F0C70B60058F4DF /* Debug */ = {
			isa = XCBuildConfiguration;
			buildSettings = {
				DEVELOPMENT_TEAM = 3RQ4UGLT33;
				INFOPLIST_FILE = EGProjectUITests/Info.plist;
				LD_RUNPATH_SEARCH_PATHS = "$(inherited) @executable_path/Frameworks @loader_path/Frameworks";
				PRODUCT_BUNDLE_IDENTIFIER = com.evilGoose.EGProjectUITests;
				PRODUCT_NAME = "$(TARGET_NAME)";
				TEST_TARGET_NAME = EGProject;
			};
			name = Debug;
		};
		C4D95A861F0C70B60058F4DF /* Release */ = {
			isa = XCBuildConfiguration;
			buildSettings = {
				DEVELOPMENT_TEAM = 3RQ4UGLT33;
				INFOPLIST_FILE = EGProjectUITests/Info.plist;
				LD_RUNPATH_SEARCH_PATHS = "$(inherited) @executable_path/Frameworks @loader_path/Frameworks";
				PRODUCT_BUNDLE_IDENTIFIER = com.evilGoose.EGProjectUITests;
				PRODUCT_NAME = "$(TARGET_NAME)";
				TEST_TARGET_NAME = EGProject;
			};
			name = Release;
		};
/* End XCBuildConfiguration section */

/* Begin XCConfigurationList section */
		C4D95A4C1F0C70B60058F4DF /* Build configuration list for PBXProject "EGProject" */ = {
			isa = XCConfigurationList;
			buildConfigurations = (
				C4D95A7C1F0C70B60058F4DF /* Debug */,
				C4D95A7D1F0C70B60058F4DF /* Release */,
			);
			defaultConfigurationIsVisible = 0;
			defaultConfigurationName = Release;
		};
		C4D95A7E1F0C70B60058F4DF /* Build configuration list for PBXNativeTarget "EGProject" */ = {
			isa = XCConfigurationList;
			buildConfigurations = (
				C4D95A7F1F0C70B60058F4DF /* Debug */,
				C4D95A801F0C70B60058F4DF /* Release */,
			);
			defaultConfigurationIsVisible = 0;
		};
		C4D95A811F0C70B60058F4DF /* Build configuration list for PBXNativeTarget "EGProjectTests" */ = {
			isa = XCConfigurationList;
			buildConfigurations = (
				C4D95A821F0C70B60058F4DF /* Debug */,
				C4D95A831F0C70B60058F4DF /* Release */,
			);
			defaultConfigurationIsVisible = 0;
		};
		C4D95A841F0C70B60058F4DF /* Build configuration list for PBXNativeTarget "EGProjectUITests" */ = {
			isa = XCConfigurationList;
			buildConfigurations = (
				C4D95A851F0C70B60058F4DF /* Debug */,
				C4D95A861F0C70B60058F4DF /* Release */,
			);
			defaultConfigurationIsVisible = 0;
		};
/* End XCConfigurationList section */
	};
	rootObject = C4D95A491F0C70B60058F4DF /* Project object */;
}
