// !$*UTF8*$!
{
	archiveVersion = 1;
	classes = {
	};
	objectVersion = 46;
	objects = {

/* Begin PBXBuildFile section */
		370B4599AA384A5AE931750F /* libPods-EGProject.a in Frameworks */ = {isa = PBXBuildFile; fileRef = 8D5436C5440DC9FEC413DCE1 /* libPods-EGProject.a */; };
		915FC8631F28E35700EB26EF /* EGOrderOptionsTableViewCell.m in Sources */ = {isa = PBXBuildFile; fileRef = 915FC8621F28E35700EB26EF /* EGOrderOptionsTableViewCell.m */; };
		91BC51961F24F6390074D865 /* EGSpecialTableViewCell.m in Sources */ = {isa = PBXBuildFile; fileRef = 91BC51931F24F6390074D865 /* EGSpecialTableViewCell.m */; };
		91BC51971F24F6390074D865 /* EGSpecialTopCollectionTableViewCell.m in Sources */ = {isa = PBXBuildFile; fileRef = 91BC51951F24F6390074D865 /* EGSpecialTopCollectionTableViewCell.m */; };
		91BC51991F24F6490074D865 /* EGSelectController.m in Sources */ = {isa = PBXBuildFile; fileRef = 91BC51981F24F6490074D865 /* EGSelectController.m */; };
		91BC519E1F24F66D0074D865 /* EGOfficialRecommendController.m in Sources */ = {isa = PBXBuildFile; fileRef = 91BC519B1F24F66D0074D865 /* EGOfficialRecommendController.m */; };
		91BC519F1F24F66D0074D865 /* EGSearchBar.m in Sources */ = {isa = PBXBuildFile; fileRef = 91BC519D1F24F66D0074D865 /* EGSearchBar.m */; };
		91D1CC62216DF87700211E0C /* AppDelegate.m in Sources */ = {isa = PBXBuildFile; fileRef = 91D1CC61216DF87700211E0C /* AppDelegate.m */; };
		91D1CC65216DF87700211E0C /* ViewController.m in Sources */ = {isa = PBXBuildFile; fileRef = 91D1CC64216DF87700211E0C /* ViewController.m */; };
		91D1CC68216DF87700211E0C /* Main.storyboard in Resources */ = {isa = PBXBuildFile; fileRef = 91D1CC66216DF87700211E0C /* Main.storyboard */; };
		91D1CC6A216DF89700211E0C /* Assets.xcassets in Resources */ = {isa = PBXBuildFile; fileRef = 91D1CC69216DF89700211E0C /* Assets.xcassets */; };
		91D1CC6D216DF89700211E0C /* LaunchScreen.storyboard in Resources */ = {isa = PBXBuildFile; fileRef = 91D1CC6B216DF89700211E0C /* LaunchScreen.storyboard */; };
		91D1CC70216DF89700211E0C /* main.m in Sources */ = {isa = PBXBuildFile; fileRef = 91D1CC6F216DF89700211E0C /* main.m */; };
		91D1CC79216DFA1A00211E0C /* EGDataHandle1ViewController.m in Sources */ = {isa = PBXBuildFile; fileRef = 91D1CC78216DFA1A00211E0C /* EGDataHandle1ViewController.m */; };
		91D1CC7C216DFA2500211E0C /* EGDataHandle2ViewController.m in Sources */ = {isa = PBXBuildFile; fileRef = 91D1CC7B216DFA2500211E0C /* EGDataHandle2ViewController.m */; };
		91D1CC80216DFC3B00211E0C /* EGAPIManager.m in Sources */ = {isa = PBXBuildFile; fileRef = 91D1CC7F216DFC3B00211E0C /* EGAPIManager.m */; };
		B3277A908061E0D1B3A7BEEA /* libPods-EGProjectTests.a in Frameworks */ = {isa = PBXBuildFile; fileRef = E97E4415D633ABF5111C04AA /* libPods-EGProjectTests.a */; };
		C41131E11F261DAA00DAE972 /* EGOrderBar.m in Sources */ = {isa = PBXBuildFile; fileRef = C41131E01F261DAA00DAE972 /* EGOrderBar.m */; };
		C41131E41F261FFD00DAE972 /* UIImage+Extension.m in Sources */ = {isa = PBXBuildFile; fileRef = C41131E31F261FFD00DAE972 /* UIImage+Extension.m */; };
		C442CD021F149EB400947616 /* EGGoodsModel.m in Sources */ = {isa = PBXBuildFile; fileRef = C442CD011F149EB400947616 /* EGGoodsModel.m */; };
		C4446C0A1F10DCA5007431E8 /* EGShoppingCarRecommendCell.m in Sources */ = {isa = PBXBuildFile; fileRef = C4446C091F10DCA5007431E8 /* EGShoppingCarRecommendCell.m */; };
		C458B7911F2094E60080DFAE /* EGCommonViewController.m in Sources */ = {isa = PBXBuildFile; fileRef = C458B7901F2094E60080DFAE /* EGCommonViewController.m */; };
		C458B7941F2094FC0080DFAE /* EGTimeLimitViewController.m in Sources */ = {isa = PBXBuildFile; fileRef = C458B7931F2094FC0080DFAE /* EGTimeLimitViewController.m */; };
		C458B7971F2098080080DFAE /* EGGoodsViewController.m in Sources */ = {isa = PBXBuildFile; fileRef = C458B7961F2098080080DFAE /* EGGoodsViewController.m */; };
		C45BD7C31F1F06200059E71B /* CDDContext.m in Sources */ = {isa = PBXBuildFile; fileRef = C45BD7BC1F1F06200059E71B /* CDDContext.m */; };
		C45BD7C41F1F06200059E71B /* CDDMutableArray.m in Sources */ = {isa = PBXBuildFile; fileRef = C45BD7BE1F1F06200059E71B /* CDDMutableArray.m */; };
		C45BD7C51F1F06200059E71B /* NSObject+CDD.m in Sources */ = {isa = PBXBuildFile; fileRef = C45BD7C01F1F06200059E71B /* NSObject+CDD.m */; };
		C45BD7C61F1F06200059E71B /* UIView+CDD.m in Sources */ = {isa = PBXBuildFile; fileRef = C45BD7C21F1F06200059E71B /* UIView+CDD.m */; };
		C460EB3B1F19E674004AD1C3 /* NSArray+Beyond.m in Sources */ = {isa = PBXBuildFile; fileRef = C460EB3A1F19E674004AD1C3 /* NSArray+Beyond.m */; };
		C460EB3E1F19E6AB004AD1C3 /* NSMutableArray+Beyond.m in Sources */ = {isa = PBXBuildFile; fileRef = C460EB3D1F19E6AB004AD1C3 /* NSMutableArray+Beyond.m */; };
		C460EB411F19E787004AD1C3 /* EGMethodSwizzlingHelper.m in Sources */ = {isa = PBXBuildFile; fileRef = C460EB401F19E787004AD1C3 /* EGMethodSwizzlingHelper.m */; };
		C460EB441F19EA95004AD1C3 /* NSObject+AssociatedObject.m in Sources */ = {isa = PBXBuildFile; fileRef = C460EB431F19EA95004AD1C3 /* NSObject+AssociatedObject.m */; };
		C460EB471F19EE22004AD1C3 /* NSArray+Log.m in Sources */ = {isa = PBXBuildFile; fileRef = C460EB461F19EE22004AD1C3 /* NSArray+Log.m */; };
		C460EB4A1F19EE47004AD1C3 /* NSDictionary+Log.m in Sources */ = {isa = PBXBuildFile; fileRef = C460EB491F19EE47004AD1C3 /* NSDictionary+Log.m */; };
		C463E68D1F1744F000C22840 /* EGControllerTransitionManager.m in Sources */ = {isa = PBXBuildFile; fileRef = C463E68C1F1744F000C22840 /* EGControllerTransitionManager.m */; };
		C46A37DD1F0E55E8009B0F37 /* UIColor+PDExtension.m in Sources */ = {isa = PBXBuildFile; fileRef = C46A37DC1F0E55E8009B0F37 /* UIColor+PDExtension.m */; };
		C46A37E11F0E57F5009B0F37 /* EGNavigationController.m in Sources */ = {isa = PBXBuildFile; fileRef = C46A37E01F0E57F5009B0F37 /* EGNavigationController.m */; };
		C46AA9481F26E6F600DCE49B /* EGShareViewController.m in Sources */ = {isa = PBXBuildFile; fileRef = C46AA9471F26E6F600DCE49B /* EGShareViewController.m */; };
		C46AA94C1F26ED3E00DCE49B /* EGTestXIBViewController.m in Sources */ = {isa = PBXBuildFile; fileRef = C46AA94A1F26ED3E00DCE49B /* EGTestXIBViewController.m */; };
		C46AA94D1F26ED3E00DCE49B /* EGTestXIBViewController.xib in Resources */ = {isa = PBXBuildFile; fileRef = C46AA94B1F26ED3E00DCE49B /* EGTestXIBViewController.xib */; };
		C47541E51F21A6190007C595 /* EGPresentGoodsCollectionViewCell.m in Sources */ = {isa = PBXBuildFile; fileRef = C47541E41F21A6190007C595 /* EGPresentGoodsCollectionViewCell.m */; };
		C47541E81F21A9C50007C595 /* EGGoodsShelfBaseActionHandle.m in Sources */ = {isa = PBXBuildFile; fileRef = C47541E71F21A9C50007C595 /* EGGoodsShelfBaseActionHandle.m */; };
		C47541EF1F21E1940007C595 /* EGBannerCollectionViewCell.m in Sources */ = {isa = PBXBuildFile; fileRef = C47541EE1F21E1940007C595 /* EGBannerCollectionViewCell.m */; };
		C48A0E861F176698003BEAC1 /* UIView+Extension.m in Sources */ = {isa = PBXBuildFile; fileRef = C48A0E851F176698003BEAC1 /* UIView+Extension.m */; };
		C48A0E891F177284003BEAC1 /* EGUserInfoCatalogueCell.m in Sources */ = {isa = PBXBuildFile; fileRef = C48A0E881F177284003BEAC1 /* EGUserInfoCatalogueCell.m */; };
		C48A0E8F1F177594003BEAC1 /* UITableViewCell+CaculateHeight.m in Sources */ = {isa = PBXBuildFile; fileRef = C48A0E8E1F177594003BEAC1 /* UITableViewCell+CaculateHeight.m */; };
		C48A0E921F17A345003BEAC1 /* EGGoodsPresentController.m in Sources */ = {isa = PBXBuildFile; fileRef = C48A0E911F17A345003BEAC1 /* EGGoodsPresentController.m */; };
		C48A0E951F17A805003BEAC1 /* EGSearchGoodsController.m in Sources */ = {isa = PBXBuildFile; fileRef = C48A0E941F17A805003BEAC1 /* EGSearchGoodsController.m */; };
		C48A0E981F17A82F003BEAC1 /* EGHomeNavigationBar.m in Sources */ = {isa = PBXBuildFile; fileRef = C48A0E971F17A82F003BEAC1 /* EGHomeNavigationBar.m */; };
		C48A0E9B1F17AA81003BEAC1 /* UIBarButtonItem+BarButtonItemWithButton.m in Sources */ = {isa = PBXBuildFile; fileRef = C48A0E9A1F17AA81003BEAC1 /* UIBarButtonItem+BarButtonItemWithButton.m */; };
		C4AED31A1F1F3EDD00FF1403 /* EGSpecialOptionsView.m in Sources */ = {isa = PBXBuildFile; fileRef = C4AED3191F1F3EDD00FF1403 /* EGSpecialOptionsView.m */; };
		C4AED3201F1F3F8700FF1403 /* EGOptionTextCollectionViewCell.m in Sources */ = {isa = PBXBuildFile; fileRef = C4AED31F1F1F3F8700FF1403 /* EGOptionTextCollectionViewCell.m */; };
		C4AED3231F1F470900FF1403 /* EGAccountInfoView.m in Sources */ = {isa = PBXBuildFile; fileRef = C4AED3221F1F470900FF1403 /* EGAccountInfoView.m */; };
		C4AED3281F1F548C00FF1403 /* EGOrderViewController.m in Sources */ = {isa = PBXBuildFile; fileRef = C4AED3271F1F548C00FF1403 /* EGOrderViewController.m */; };
		C4AF60391F1DFC3A00474E97 /* EGScanViewController.m in Sources */ = {isa = PBXBuildFile; fileRef = C4AF60381F1DFC3A00474E97 /* EGScanViewController.m */; };
		C4AF603C1F1DFC4400474E97 /* EGMessagesViewController.m in Sources */ = {isa = PBXBuildFile; fileRef = C4AF603B1F1DFC4400474E97 /* EGMessagesViewController.m */; };
		C4AF60401F1E072C00474E97 /* EGSearchViewController.m in Sources */ = {isa = PBXBuildFile; fileRef = C4AF603F1F1E072C00474E97 /* EGSearchViewController.m */; };
		C4AF60461F1E10F500474E97 /* EGOptionsView.m in Sources */ = {isa = PBXBuildFile; fileRef = C4AF60451F1E10F500474E97 /* EGOptionsView.m */; };
		C4D28F791F21F76500CBB5EC /* EGCommonGoodsCell.m in Sources */ = {isa = PBXBuildFile; fileRef = C4D28F781F21F76500CBB5EC /* EGCommonGoodsCell.m */; };
		C4D28F7C1F21F7FE00CBB5EC /* EGCommentClassificationCell.m in Sources */ = {isa = PBXBuildFile; fileRef = C4D28F7B1F21F7FE00CBB5EC /* EGCommentClassificationCell.m */; };
		C4D28F7F1F21F85000CBB5EC /* UICollectionReusableView+ReusedCellID.m in Sources */ = {isa = PBXBuildFile; fileRef = C4D28F7E1F21F85000CBB5EC /* UICollectionReusableView+ReusedCellID.m */; };
		C4D95A561F0C70B60058F4DF /* main.m in Sources */ = {isa = PBXBuildFile; fileRef = C4D95A551F0C70B60058F4DF /* main.m */; };
		C4D95A591F0C70B60058F4DF /* AppDelegate.m in Sources */ = {isa = PBXBuildFile; fileRef = C4D95A581F0C70B60058F4DF /* AppDelegate.m */; };
		C4D95A611F0C70B60058F4DF /* Assets.xcassets in Resources */ = {isa = PBXBuildFile; fileRef = C4D95A601F0C70B60058F4DF /* Assets.xcassets */; };
		C4D95A641F0C70B60058F4DF /* LaunchScreen.storyboard in Resources */ = {isa = PBXBuildFile; fileRef = C4D95A621F0C70B60058F4DF /* LaunchScreen.storyboard */; };
		C4D95A6F1F0C70B60058F4DF /* EGProjectTests.m in Sources */ = {isa = PBXBuildFile; fileRef = C4D95A6E1F0C70B60058F4DF /* EGProjectTests.m */; };
		C4D95A7A1F0C70B60058F4DF /* EGProjectUITests.m in Sources */ = {isa = PBXBuildFile; fileRef = C4D95A791F0C70B60058F4DF /* EGProjectUITests.m */; };
		C4D95AA71F0C73010058F4DF /* EGBasicViewController.m in Sources */ = {isa = PBXBuildFile; fileRef = C4D95A8B1F0C73010058F4DF /* EGBasicViewController.m */; };
		C4D95AA81F0C73010058F4DF /* EGRootTabController.m in Sources */ = {isa = PBXBuildFile; fileRef = C4D95A8D1F0C73010058F4DF /* EGRootTabController.m */; };
		C4D95AA91F0C73010058F4DF /* EGHomeViewController.m in Sources */ = {isa = PBXBuildFile; fileRef = C4D95A911F0C73010058F4DF /* EGHomeViewController.m */; };
		C4D95AAC1F0C73010058F4DF /* EGShoppingCarController.m in Sources */ = {isa = PBXBuildFile; fileRef = C4D95A9A1F0C73010058F4DF /* EGShoppingCarController.m */; };
		C4D95AAD1F0C73010058F4DF /* EGTestFunctionsController.m in Sources */ = {isa = PBXBuildFile; fileRef = C4D95AA01F0C73010058F4DF /* EGTestFunctionsController.m */; };
		C4D95AAE1F0C73010058F4DF /* EGUserController.m in Sources */ = {isa = PBXBuildFile; fileRef = C4D95AA31F0C73010058F4DF /* EGUserController.m */; };
		C4F69E381F0E6BB000F3F359 /* scan_success.wav in Resources */ = {isa = PBXBuildFile; fileRef = C4F69E371F0E6BB000F3F359 /* scan_success.wav */; };
		C4FAEDC21F18547900F1F124 /* EGCustomButton.m in Sources */ = {isa = PBXBuildFile; fileRef = C4FAEDC11F18547900F1F124 /* EGCustomButton.m */; };
		C4FAEDC51F188F6200F1F124 /* EGControllerTransitionGestureHelper.m in Sources */ = {isa = PBXBuildFile; fileRef = C4FAEDC41F188F6200F1F124 /* EGControllerTransitionGestureHelper.m */; };
		C4FAEDC81F18999100F1F124 /* UIScrollView+Direction.m in Sources */ = {isa = PBXBuildFile; fileRef = C4FAEDC71F18999100F1F124 /* UIScrollView+Direction.m */; };
		C4FAEDCC1F18AA6800F1F124 /* EGRecommendController.m in Sources */ = {isa = PBXBuildFile; fileRef = C4FAEDCB1F18AA6800F1F124 /* EGRecommendController.m */; };
		C4FAEDD01F18AAA200F1F124 /* EGSpecialController.m in Sources */ = {isa = PBXBuildFile; fileRef = C4FAEDCF1F18AAA200F1F124 /* EGSpecialController.m */; };
		C4FC54BB1F23170700851BB7 /* EGCameraManager.m in Sources */ = {isa = PBXBuildFile; fileRef = C4FC54BA1F23170700851BB7 /* EGCameraManager.m */; };
		C598291833CCF5F64DD1AC41 /* libPods-EGProjectUITests.a in Frameworks */ = {isa = PBXBuildFile; fileRef = EB5932B408CEB749223A6661 /* libPods-EGProjectUITests.a */; };
/* End PBXBuildFile section */

/* Begin PBXContainerItemProxy section */
		C4D95A6B1F0C70B60058F4DF /* PBXContainerItemProxy */ = {
			isa = PBXContainerItemProxy;
			containerPortal = C4D95A491F0C70B60058F4DF /* Project object */;
			proxyType = 1;
			remoteGlobalIDString = C4D95A501F0C70B60058F4DF;
			remoteInfo = EGProject;
		};
		C4D95A761F0C70B60058F4DF /* PBXContainerItemProxy */ = {
			isa = PBXContainerItemProxy;
			containerPortal = C4D95A491F0C70B60058F4DF /* Project object */;
			proxyType = 1;
			remoteGlobalIDString = C4D95A501F0C70B60058F4DF;
			remoteInfo = EGProject;
		};
/* End PBXContainerItemProxy section */

/* Begin PBXFileReference section */
		1BDE30D97CDC7B43C7C138F6 /* Pods-EGProject.debug.xcconfig */ = {isa = PBXFileReference; includeInIndex = 1; lastKnownFileType = text.xcconfig; name = "Pods-EGProject.debug.xcconfig"; path = "Pods/Target Support Files/Pods-EGProject/Pods-EGProject.debug.xcconfig"; sourceTree = "<group>"; };
		8D5436C5440DC9FEC413DCE1 /* libPods-EGProject.a */ = {isa = PBXFileReference; explicitFileType = archive.ar; includeInIndex = 0; path = "libPods-EGProject.a"; sourceTree = BUILT_PRODUCTS_DIR; };
		915FC8611F28E35700EB26EF /* EGOrderOptionsTableViewCell.h */ = {isa = PBXFileReference; fileEncoding = 4; lastKnownFileType = sourcecode.c.h; path = EGOrderOptionsTableViewCell.h; sourceTree = "<group>"; };
		915FC8621F28E35700EB26EF /* EGOrderOptionsTableViewCell.m */ = {isa = PBXFileReference; fileEncoding = 4; lastKnownFileType = sourcecode.c.objc; path = EGOrderOptionsTableViewCell.m; sourceTree = "<group>"; };
		91BC51921F24F6390074D865 /* EGSpecialTableViewCell.h */ = {isa = PBXFileReference; fileEncoding = 4; lastKnownFileType = sourcecode.c.h; path = EGSpecialTableViewCell.h; sourceTree = "<group>"; };
		91BC51931F24F6390074D865 /* EGSpecialTableViewCell.m */ = {isa = PBXFileReference; fileEncoding = 4; lastKnownFileType = sourcecode.c.objc; path = EGSpecialTableViewCell.m; sourceTree = "<group>"; };
		91BC51941F24F6390074D865 /* EGSpecialTopCollectionTableViewCell.h */ = {isa = PBXFileReference; fileEncoding = 4; lastKnownFileType = sourcecode.c.h; path = EGSpecialTopCollectionTableViewCell.h; sourceTree = "<group>"; };
		91BC51951F24F6390074D865 /* EGSpecialTopCollectionTableViewCell.m */ = {isa = PBXFileReference; fileEncoding = 4; lastKnownFileType = sourcecode.c.objc; path = EGSpecialTopCollectionTableViewCell.m; sourceTree = "<group>"; };
		91BC51981F24F6490074D865 /* EGSelectController.m */ = {isa = PBXFileReference; fileEncoding = 4; lastKnownFileType = sourcecode.c.objc; path = EGSelectController.m; sourceTree = "<group>"; };
		91BC519A1F24F66D0074D865 /* EGOfficialRecommendController.h */ = {isa = PBXFileReference; fileEncoding = 4; lastKnownFileType = sourcecode.c.h; path = EGOfficialRecommendController.h; sourceTree = "<group>"; };
		91BC519B1F24F66D0074D865 /* EGOfficialRecommendController.m */ = {isa = PBXFileReference; fileEncoding = 4; lastKnownFileType = sourcecode.c.objc; path = EGOfficialRecommendController.m; sourceTree = "<group>"; };
		91BC519C1F24F66D0074D865 /* EGSearchBar.h */ = {isa = PBXFileReference; fileEncoding = 4; lastKnownFileType = sourcecode.c.h; path = EGSearchBar.h; sourceTree = "<group>"; };
		91BC519D1F24F66D0074D865 /* EGSearchBar.m */ = {isa = PBXFileReference; fileEncoding = 4; lastKnownFileType = sourcecode.c.objc; path = EGSearchBar.m; sourceTree = "<group>"; };
		91D1CC5E216DF87600211E0C /* DistributeDataHandle.app */ = {isa = PBXFileReference; explicitFileType = wrapper.application; includeInIndex = 0; path = DistributeDataHandle.app; sourceTree = BUILT_PRODUCTS_DIR; };
		91D1CC60216DF87700211E0C /* AppDelegate.h */ = {isa = PBXFileReference; lastKnownFileType = sourcecode.c.h; path = AppDelegate.h; sourceTree = "<group>"; };
		91D1CC61216DF87700211E0C /* AppDelegate.m */ = {isa = PBXFileReference; lastKnownFileType = sourcecode.c.objc; path = AppDelegate.m; sourceTree = "<group>"; };
		91D1CC63216DF87700211E0C /* ViewController.h */ = {isa = PBXFileReference; lastKnownFileType = sourcecode.c.h; path = ViewController.h; sourceTree = "<group>"; };
		91D1CC64216DF87700211E0C /* ViewController.m */ = {isa = PBXFileReference; lastKnownFileType = sourcecode.c.objc; path = ViewController.m; sourceTree = "<group>"; };
		91D1CC67216DF87700211E0C /* Base */ = {isa = PBXFileReference; lastKnownFileType = file.storyboard; name = Base; path = Base.lproj/Main.storyboard; sourceTree = "<group>"; };
		91D1CC69216DF89700211E0C /* Assets.xcassets */ = {isa = PBXFileReference; lastKnownFileType = folder.assetcatalog; path = Assets.xcassets; sourceTree = "<group>"; };
		91D1CC6C216DF89700211E0C /* Base */ = {isa = PBXFileReference; lastKnownFileType = file.storyboard; name = Base; path = Base.lproj/LaunchScreen.storyboard; sourceTree = "<group>"; };
		91D1CC6E216DF89700211E0C /* Info.plist */ = {isa = PBXFileReference; lastKnownFileType = text.plist.xml; path = Info.plist; sourceTree = "<group>"; };
		91D1CC6F216DF89700211E0C /* main.m */ = {isa = PBXFileReference; lastKnownFileType = sourcecode.c.objc; path = main.m; sourceTree = "<group>"; };
		91D1CC77216DFA1A00211E0C /* EGDataHandle1ViewController.h */ = {isa = PBXFileReference; lastKnownFileType = sourcecode.c.h; path = EGDataHandle1ViewController.h; sourceTree = "<group>"; };
		91D1CC78216DFA1A00211E0C /* EGDataHandle1ViewController.m */ = {isa = PBXFileReference; lastKnownFileType = sourcecode.c.objc; path = EGDataHandle1ViewController.m; sourceTree = "<group>"; };
		91D1CC7A216DFA2500211E0C /* EGDataHandle2ViewController.h */ = {isa = PBXFileReference; lastKnownFileType = sourcecode.c.h; path = EGDataHandle2ViewController.h; sourceTree = "<group>"; };
		91D1CC7B216DFA2500211E0C /* EGDataHandle2ViewController.m */ = {isa = PBXFileReference; lastKnownFileType = sourcecode.c.objc; path = EGDataHandle2ViewController.m; sourceTree = "<group>"; };
		91D1CC7D216DFB0E00211E0C /* EGHandleDataProtocol.h */ = {isa = PBXFileReference; lastKnownFileType = sourcecode.c.h; path = EGHandleDataProtocol.h; sourceTree = "<group>"; };
		91D1CC7E216DFC3B00211E0C /* EGAPIManager.h */ = {isa = PBXFileReference; lastKnownFileType = sourcecode.c.h; path = EGAPIManager.h; sourceTree = "<group>"; };
		91D1CC7F216DFC3B00211E0C /* EGAPIManager.m */ = {isa = PBXFileReference; lastKnownFileType = sourcecode.c.objc; path = EGAPIManager.m; sourceTree = "<group>"; };
		A17F8352A51A27CB4C5A1BD7 /* Pods-EGProjectTests.release.xcconfig */ = {isa = PBXFileReference; includeInIndex = 1; lastKnownFileType = text.xcconfig; name = "Pods-EGProjectTests.release.xcconfig"; path = "Pods/Target Support Files/Pods-EGProjectTests/Pods-EGProjectTests.release.xcconfig"; sourceTree = "<group>"; };
		A98F6E4E5E5FF6BAFDF37C4E /* Pods-EGProjectUITests.release.xcconfig */ = {isa = PBXFileReference; includeInIndex = 1; lastKnownFileType = text.xcconfig; name = "Pods-EGProjectUITests.release.xcconfig"; path = "Pods/Target Support Files/Pods-EGProjectUITests/Pods-EGProjectUITests.release.xcconfig"; sourceTree = "<group>"; };
		C41131DF1F261DAA00DAE972 /* EGOrderBar.h */ = {isa = PBXFileReference; fileEncoding = 4; lastKnownFileType = sourcecode.c.h; path = EGOrderBar.h; sourceTree = "<group>"; };
		C41131E01F261DAA00DAE972 /* EGOrderBar.m */ = {isa = PBXFileReference; fileEncoding = 4; lastKnownFileType = sourcecode.c.objc; path = EGOrderBar.m; sourceTree = "<group>"; };
		C41131E21F261FFD00DAE972 /* UIImage+Extension.h */ = {isa = PBXFileReference; fileEncoding = 4; lastKnownFileType = sourcecode.c.h; path = "UIImage+Extension.h"; sourceTree = "<group>"; };
		C41131E31F261FFD00DAE972 /* UIImage+Extension.m */ = {isa = PBXFileReference; fileEncoding = 4; lastKnownFileType = sourcecode.c.objc; path = "UIImage+Extension.m"; sourceTree = "<group>"; };
		C442CD001F149EB400947616 /* EGGoodsModel.h */ = {isa = PBXFileReference; fileEncoding = 4; lastKnownFileType = sourcecode.c.h; path = EGGoodsModel.h; sourceTree = "<group>"; };
		C442CD011F149EB400947616 /* EGGoodsModel.m */ = {isa = PBXFileReference; fileEncoding = 4; lastKnownFileType = sourcecode.c.objc; path = EGGoodsModel.m; sourceTree = "<group>"; };
		C4446C081F10DCA5007431E8 /* EGShoppingCarRecommendCell.h */ = {isa = PBXFileReference; fileEncoding = 4; lastKnownFileType = sourcecode.c.h; path = EGShoppingCarRecommendCell.h; sourceTree = "<group>"; };
		C4446C091F10DCA5007431E8 /* EGShoppingCarRecommendCell.m */ = {isa = PBXFileReference; fileEncoding = 4; lastKnownFileType = sourcecode.c.objc; path = EGShoppingCarRecommendCell.m; sourceTree = "<group>"; };
		C458B78F1F2094E60080DFAE /* EGCommonViewController.h */ = {isa = PBXFileReference; fileEncoding = 4; lastKnownFileType = sourcecode.c.h; path = EGCommonViewController.h; sourceTree = "<group>"; };
		C458B7901F2094E60080DFAE /* EGCommonViewController.m */ = {isa = PBXFileReference; fileEncoding = 4; lastKnownFileType = sourcecode.c.objc; path = EGCommonViewController.m; sourceTree = "<group>"; };
		C458B7921F2094FC0080DFAE /* EGTimeLimitViewController.h */ = {isa = PBXFileReference; fileEncoding = 4; lastKnownFileType = sourcecode.c.h; path = EGTimeLimitViewController.h; sourceTree = "<group>"; };
		C458B7931F2094FC0080DFAE /* EGTimeLimitViewController.m */ = {isa = PBXFileReference; fileEncoding = 4; lastKnownFileType = sourcecode.c.objc; path = EGTimeLimitViewController.m; sourceTree = "<group>"; };
		C458B7951F2098080080DFAE /* EGGoodsViewController.h */ = {isa = PBXFileReference; fileEncoding = 4; lastKnownFileType = sourcecode.c.h; path = EGGoodsViewController.h; sourceTree = "<group>"; };
		C458B7961F2098080080DFAE /* EGGoodsViewController.m */ = {isa = PBXFileReference; fileEncoding = 4; lastKnownFileType = sourcecode.c.objc; path = EGGoodsViewController.m; sourceTree = "<group>"; };
		C45BD7BB1F1F06200059E71B /* CDDContext.h */ = {isa = PBXFileReference; fileEncoding = 4; lastKnownFileType = sourcecode.c.h; path = CDDContext.h; sourceTree = "<group>"; };
		C45BD7BC1F1F06200059E71B /* CDDContext.m */ = {isa = PBXFileReference; fileEncoding = 4; lastKnownFileType = sourcecode.c.objc; path = CDDContext.m; sourceTree = "<group>"; };
		C45BD7BD1F1F06200059E71B /* CDDMutableArray.h */ = {isa = PBXFileReference; fileEncoding = 4; lastKnownFileType = sourcecode.c.h; path = CDDMutableArray.h; sourceTree = "<group>"; };
		C45BD7BE1F1F06200059E71B /* CDDMutableArray.m */ = {isa = PBXFileReference; fileEncoding = 4; lastKnownFileType = sourcecode.c.objc; path = CDDMutableArray.m; sourceTree = "<group>"; };
		C45BD7BF1F1F06200059E71B /* NSObject+CDD.h */ = {isa = PBXFileReference; fileEncoding = 4; lastKnownFileType = sourcecode.c.h; path = "NSObject+CDD.h"; sourceTree = "<group>"; };
		C45BD7C01F1F06200059E71B /* NSObject+CDD.m */ = {isa = PBXFileReference; fileEncoding = 4; lastKnownFileType = sourcecode.c.objc; path = "NSObject+CDD.m"; sourceTree = "<group>"; };
		C45BD7C11F1F06200059E71B /* UIView+CDD.h */ = {isa = PBXFileReference; fileEncoding = 4; lastKnownFileType = sourcecode.c.h; path = "UIView+CDD.h"; sourceTree = "<group>"; };
		C45BD7C21F1F06200059E71B /* UIView+CDD.m */ = {isa = PBXFileReference; fileEncoding = 4; lastKnownFileType = sourcecode.c.objc; path = "UIView+CDD.m"; sourceTree = "<group>"; };
		C460EB391F19E674004AD1C3 /* NSArray+Beyond.h */ = {isa = PBXFileReference; fileEncoding = 4; lastKnownFileType = sourcecode.c.h; path = "NSArray+Beyond.h"; sourceTree = "<group>"; };
		C460EB3A1F19E674004AD1C3 /* NSArray+Beyond.m */ = {isa = PBXFileReference; fileEncoding = 4; lastKnownFileType = sourcecode.c.objc; path = "NSArray+Beyond.m"; sourceTree = "<group>"; };
		C460EB3C1F19E6AB004AD1C3 /* NSMutableArray+Beyond.h */ = {isa = PBXFileReference; fileEncoding = 4; lastKnownFileType = sourcecode.c.h; path = "NSMutableArray+Beyond.h"; sourceTree = "<group>"; };
		C460EB3D1F19E6AB004AD1C3 /* NSMutableArray+Beyond.m */ = {isa = PBXFileReference; fileEncoding = 4; lastKnownFileType = sourcecode.c.objc; path = "NSMutableArray+Beyond.m"; sourceTree = "<group>"; };
		C460EB3F1F19E787004AD1C3 /* EGMethodSwizzlingHelper.h */ = {isa = PBXFileReference; fileEncoding = 4; lastKnownFileType = sourcecode.c.h; path = EGMethodSwizzlingHelper.h; sourceTree = "<group>"; };
		C460EB401F19E787004AD1C3 /* EGMethodSwizzlingHelper.m */ = {isa = PBXFileReference; fileEncoding = 4; lastKnownFileType = sourcecode.c.objc; path = EGMethodSwizzlingHelper.m; sourceTree = "<group>"; };
		C460EB421F19EA95004AD1C3 /* NSObject+AssociatedObject.h */ = {isa = PBXFileReference; fileEncoding = 4; lastKnownFileType = sourcecode.c.h; path = "NSObject+AssociatedObject.h"; sourceTree = "<group>"; };
		C460EB431F19EA95004AD1C3 /* NSObject+AssociatedObject.m */ = {isa = PBXFileReference; fileEncoding = 4; lastKnownFileType = sourcecode.c.objc; path = "NSObject+AssociatedObject.m"; sourceTree = "<group>"; };
		C460EB451F19EE22004AD1C3 /* NSArray+Log.h */ = {isa = PBXFileReference; fileEncoding = 4; lastKnownFileType = sourcecode.c.h; path = "NSArray+Log.h"; sourceTree = "<group>"; };
		C460EB461F19EE22004AD1C3 /* NSArray+Log.m */ = {isa = PBXFileReference; fileEncoding = 4; lastKnownFileType = sourcecode.c.objc; path = "NSArray+Log.m"; sourceTree = "<group>"; };
		C460EB481F19EE47004AD1C3 /* NSDictionary+Log.h */ = {isa = PBXFileReference; fileEncoding = 4; lastKnownFileType = sourcecode.c.h; path = "NSDictionary+Log.h"; sourceTree = "<group>"; };
		C460EB491F19EE47004AD1C3 /* NSDictionary+Log.m */ = {isa = PBXFileReference; fileEncoding = 4; lastKnownFileType = sourcecode.c.objc; path = "NSDictionary+Log.m"; sourceTree = "<group>"; };
		C463E68B1F1744F000C22840 /* EGControllerTransitionManager.h */ = {isa = PBXFileReference; fileEncoding = 4; lastKnownFileType = sourcecode.c.h; path = EGControllerTransitionManager.h; sourceTree = "<group>"; };
		C463E68C1F1744F000C22840 /* EGControllerTransitionManager.m */ = {isa = PBXFileReference; fileEncoding = 4; lastKnownFileType = sourcecode.c.objc; path = EGControllerTransitionManager.m; sourceTree = "<group>"; };
		C46A37CF1F0E5358009B0F37 /* UIConstants.h */ = {isa = PBXFileReference; lastKnownFileType = sourcecode.c.h; path = UIConstants.h; sourceTree = "<group>"; };
		C46A37D01F0E536D009B0F37 /* Notifications.h */ = {isa = PBXFileReference; lastKnownFileType = sourcecode.c.h; path = Notifications.h; sourceTree = "<group>"; };
		C46A37D11F0E53A8009B0F37 /* Defines.h */ = {isa = PBXFileReference; lastKnownFileType = sourcecode.c.h; path = Defines.h; sourceTree = "<group>"; };
		C46A37DB1F0E55E8009B0F37 /* UIColor+PDExtension.h */ = {isa = PBXFileReference; fileEncoding = 4; lastKnownFileType = sourcecode.c.h; path = "UIColor+PDExtension.h"; sourceTree = "<group>"; };
		C46A37DC1F0E55E8009B0F37 /* UIColor+PDExtension.m */ = {isa = PBXFileReference; fileEncoding = 4; lastKnownFileType = sourcecode.c.objc; path = "UIColor+PDExtension.m"; sourceTree = "<group>"; };
		C46A37DF1F0E57F5009B0F37 /* EGNavigationController.h */ = {isa = PBXFileReference; fileEncoding = 4; lastKnownFileType = sourcecode.c.h; path = EGNavigationController.h; sourceTree = "<group>"; };
		C46A37E01F0E57F5009B0F37 /* EGNavigationController.m */ = {isa = PBXFileReference; fileEncoding = 4; lastKnownFileType = sourcecode.c.objc; path = EGNavigationController.m; sourceTree = "<group>"; };
		C46AA9461F26E6F600DCE49B /* EGShareViewController.h */ = {isa = PBXFileReference; fileEncoding = 4; lastKnownFileType = sourcecode.c.h; path = EGShareViewController.h; sourceTree = "<group>"; };
		C46AA9471F26E6F600DCE49B /* EGShareViewController.m */ = {isa = PBXFileReference; fileEncoding = 4; lastKnownFileType = sourcecode.c.objc; path = EGShareViewController.m; sourceTree = "<group>"; };
		C46AA9491F26ED3E00DCE49B /* EGTestXIBViewController.h */ = {isa = PBXFileReference; fileEncoding = 4; lastKnownFileType = sourcecode.c.h; path = EGTestXIBViewController.h; sourceTree = "<group>"; };
		C46AA94A1F26ED3E00DCE49B /* EGTestXIBViewController.m */ = {isa = PBXFileReference; fileEncoding = 4; lastKnownFileType = sourcecode.c.objc; path = EGTestXIBViewController.m; sourceTree = "<group>"; };
		C46AA94B1F26ED3E00DCE49B /* EGTestXIBViewController.xib */ = {isa = PBXFileReference; fileEncoding = 4; lastKnownFileType = file.xib; path = EGTestXIBViewController.xib; sourceTree = "<group>"; };
		C47541E31F21A6190007C595 /* EGPresentGoodsCollectionViewCell.h */ = {isa = PBXFileReference; fileEncoding = 4; lastKnownFileType = sourcecode.c.h; path = EGPresentGoodsCollectionViewCell.h; sourceTree = "<group>"; };
		C47541E41F21A6190007C595 /* EGPresentGoodsCollectionViewCell.m */ = {isa = PBXFileReference; fileEncoding = 4; lastKnownFileType = sourcecode.c.objc; path = EGPresentGoodsCollectionViewCell.m; sourceTree = "<group>"; };
		C47541E61F21A9C50007C595 /* EGGoodsShelfBaseActionHandle.h */ = {isa = PBXFileReference; fileEncoding = 4; lastKnownFileType = sourcecode.c.h; path = EGGoodsShelfBaseActionHandle.h; sourceTree = "<group>"; };
		C47541E71F21A9C50007C595 /* EGGoodsShelfBaseActionHandle.m */ = {isa = PBXFileReference; fileEncoding = 4; lastKnownFileType = sourcecode.c.objc; path = EGGoodsShelfBaseActionHandle.m; sourceTree = "<group>"; };
		C47541ED1F21E1940007C595 /* EGBannerCollectionViewCell.h */ = {isa = PBXFileReference; fileEncoding = 4; lastKnownFileType = sourcecode.c.h; path = EGBannerCollectionViewCell.h; sourceTree = "<group>"; };
		C47541EE1F21E1940007C595 /* EGBannerCollectionViewCell.m */ = {isa = PBXFileReference; fileEncoding = 4; lastKnownFileType = sourcecode.c.objc; path = EGBannerCollectionViewCell.m; sourceTree = "<group>"; };
		C48A0E841F176698003BEAC1 /* UIView+Extension.h */ = {isa = PBXFileReference; fileEncoding = 4; lastKnownFileType = sourcecode.c.h; path = "UIView+Extension.h"; sourceTree = "<group>"; };
		C48A0E851F176698003BEAC1 /* UIView+Extension.m */ = {isa = PBXFileReference; fileEncoding = 4; lastKnownFileType = sourcecode.c.objc; path = "UIView+Extension.m"; sourceTree = "<group>"; };
		C48A0E871F177284003BEAC1 /* EGUserInfoCatalogueCell.h */ = {isa = PBXFileReference; fileEncoding = 4; lastKnownFileType = sourcecode.c.h; path = EGUserInfoCatalogueCell.h; sourceTree = "<group>"; };
		C48A0E881F177284003BEAC1 /* EGUserInfoCatalogueCell.m */ = {isa = PBXFileReference; fileEncoding = 4; lastKnownFileType = sourcecode.c.objc; path = EGUserInfoCatalogueCell.m; sourceTree = "<group>"; };
		C48A0E8D1F177594003BEAC1 /* UITableViewCell+CaculateHeight.h */ = {isa = PBXFileReference; fileEncoding = 4; lastKnownFileType = sourcecode.c.h; path = "UITableViewCell+CaculateHeight.h"; sourceTree = "<group>"; };
		C48A0E8E1F177594003BEAC1 /* UITableViewCell+CaculateHeight.m */ = {isa = PBXFileReference; fileEncoding = 4; lastKnownFileType = sourcecode.c.objc; path = "UITableViewCell+CaculateHeight.m"; sourceTree = "<group>"; };
		C48A0E901F17A345003BEAC1 /* EGGoodsPresentController.h */ = {isa = PBXFileReference; fileEncoding = 4; lastKnownFileType = sourcecode.c.h; path = EGGoodsPresentController.h; sourceTree = "<group>"; };
		C48A0E911F17A345003BEAC1 /* EGGoodsPresentController.m */ = {isa = PBXFileReference; fileEncoding = 4; lastKnownFileType = sourcecode.c.objc; path = EGGoodsPresentController.m; sourceTree = "<group>"; };
		C48A0E931F17A805003BEAC1 /* EGSearchGoodsController.h */ = {isa = PBXFileReference; fileEncoding = 4; lastKnownFileType = sourcecode.c.h; path = EGSearchGoodsController.h; sourceTree = "<group>"; };
		C48A0E941F17A805003BEAC1 /* EGSearchGoodsController.m */ = {isa = PBXFileReference; fileEncoding = 4; lastKnownFileType = sourcecode.c.objc; path = EGSearchGoodsController.m; sourceTree = "<group>"; };
		C48A0E961F17A82F003BEAC1 /* EGHomeNavigationBar.h */ = {isa = PBXFileReference; fileEncoding = 4; lastKnownFileType = sourcecode.c.h; path = EGHomeNavigationBar.h; sourceTree = "<group>"; };
		C48A0E971F17A82F003BEAC1 /* EGHomeNavigationBar.m */ = {isa = PBXFileReference; fileEncoding = 4; lastKnownFileType = sourcecode.c.objc; path = EGHomeNavigationBar.m; sourceTree = "<group>"; };
		C48A0E991F17AA81003BEAC1 /* UIBarButtonItem+BarButtonItemWithButton.h */ = {isa = PBXFileReference; fileEncoding = 4; lastKnownFileType = sourcecode.c.h; path = "UIBarButtonItem+BarButtonItemWithButton.h"; sourceTree = "<group>"; };
		C48A0E9A1F17AA81003BEAC1 /* UIBarButtonItem+BarButtonItemWithButton.m */ = {isa = PBXFileReference; fileEncoding = 4; lastKnownFileType = sourcecode.c.objc; path = "UIBarButtonItem+BarButtonItemWithButton.m"; sourceTree = "<group>"; };
		C4AED3181F1F3EDD00FF1403 /* EGSpecialOptionsView.h */ = {isa = PBXFileReference; fileEncoding = 4; lastKnownFileType = sourcecode.c.h; path = EGSpecialOptionsView.h; sourceTree = "<group>"; };
		C4AED3191F1F3EDD00FF1403 /* EGSpecialOptionsView.m */ = {isa = PBXFileReference; fileEncoding = 4; lastKnownFileType = sourcecode.c.objc; path = EGSpecialOptionsView.m; sourceTree = "<group>"; };
		C4AED31E1F1F3F8700FF1403 /* EGOptionTextCollectionViewCell.h */ = {isa = PBXFileReference; fileEncoding = 4; lastKnownFileType = sourcecode.c.h; path = EGOptionTextCollectionViewCell.h; sourceTree = "<group>"; };
		C4AED31F1F1F3F8700FF1403 /* EGOptionTextCollectionViewCell.m */ = {isa = PBXFileReference; fileEncoding = 4; lastKnownFileType = sourcecode.c.objc; path = EGOptionTextCollectionViewCell.m; sourceTree = "<group>"; };
		C4AED3211F1F470900FF1403 /* EGAccountInfoView.h */ = {isa = PBXFileReference; fileEncoding = 4; lastKnownFileType = sourcecode.c.h; path = EGAccountInfoView.h; sourceTree = "<group>"; };
		C4AED3221F1F470900FF1403 /* EGAccountInfoView.m */ = {isa = PBXFileReference; fileEncoding = 4; lastKnownFileType = sourcecode.c.objc; path = EGAccountInfoView.m; sourceTree = "<group>"; };
		C4AED3261F1F548C00FF1403 /* EGOrderViewController.h */ = {isa = PBXFileReference; fileEncoding = 4; lastKnownFileType = sourcecode.c.h; path = EGOrderViewController.h; sourceTree = "<group>"; };
		C4AED3271F1F548C00FF1403 /* EGOrderViewController.m */ = {isa = PBXFileReference; fileEncoding = 4; lastKnownFileType = sourcecode.c.objc; path = EGOrderViewController.m; sourceTree = "<group>"; };
		C4AF60371F1DFC3A00474E97 /* EGScanViewController.h */ = {isa = PBXFileReference; fileEncoding = 4; lastKnownFileType = sourcecode.c.h; path = EGScanViewController.h; sourceTree = "<group>"; };
		C4AF60381F1DFC3A00474E97 /* EGScanViewController.m */ = {isa = PBXFileReference; fileEncoding = 4; lastKnownFileType = sourcecode.c.objc; path = EGScanViewController.m; sourceTree = "<group>"; };
		C4AF603A1F1DFC4400474E97 /* EGMessagesViewController.h */ = {isa = PBXFileReference; fileEncoding = 4; lastKnownFileType = sourcecode.c.h; path = EGMessagesViewController.h; sourceTree = "<group>"; };
		C4AF603B1F1DFC4400474E97 /* EGMessagesViewController.m */ = {isa = PBXFileReference; fileEncoding = 4; lastKnownFileType = sourcecode.c.objc; path = EGMessagesViewController.m; sourceTree = "<group>"; };
		C4AF603E1F1E072C00474E97 /* EGSearchViewController.h */ = {isa = PBXFileReference; fileEncoding = 4; lastKnownFileType = sourcecode.c.h; path = EGSearchViewController.h; sourceTree = "<group>"; };
		C4AF603F1F1E072C00474E97 /* EGSearchViewController.m */ = {isa = PBXFileReference; fileEncoding = 4; lastKnownFileType = sourcecode.c.objc; path = EGSearchViewController.m; sourceTree = "<group>"; };
		C4AF60441F1E10F500474E97 /* EGOptionsView.h */ = {isa = PBXFileReference; fileEncoding = 4; lastKnownFileType = sourcecode.c.h; path = EGOptionsView.h; sourceTree = "<group>"; };
		C4AF60451F1E10F500474E97 /* EGOptionsView.m */ = {isa = PBXFileReference; fileEncoding = 4; lastKnownFileType = sourcecode.c.objc; path = EGOptionsView.m; sourceTree = "<group>"; };
		C4D28F771F21F76500CBB5EC /* EGCommonGoodsCell.h */ = {isa = PBXFileReference; fileEncoding = 4; lastKnownFileType = sourcecode.c.h; path = EGCommonGoodsCell.h; sourceTree = "<group>"; };
		C4D28F781F21F76500CBB5EC /* EGCommonGoodsCell.m */ = {isa = PBXFileReference; fileEncoding = 4; lastKnownFileType = sourcecode.c.objc; path = EGCommonGoodsCell.m; sourceTree = "<group>"; };
		C4D28F7A1F21F7FE00CBB5EC /* EGCommentClassificationCell.h */ = {isa = PBXFileReference; fileEncoding = 4; lastKnownFileType = sourcecode.c.h; name = EGCommentClassificationCell.h; path = ../EGCommentClassificationCell.h; sourceTree = "<group>"; };
		C4D28F7B1F21F7FE00CBB5EC /* EGCommentClassificationCell.m */ = {isa = PBXFileReference; fileEncoding = 4; lastKnownFileType = sourcecode.c.objc; name = EGCommentClassificationCell.m; path = ../EGCommentClassificationCell.m; sourceTree = "<group>"; };
		C4D28F7D1F21F85000CBB5EC /* UICollectionReusableView+ReusedCellID.h */ = {isa = PBXFileReference; fileEncoding = 4; lastKnownFileType = sourcecode.c.h; path = "UICollectionReusableView+ReusedCellID.h"; sourceTree = "<group>"; };
		C4D28F7E1F21F85000CBB5EC /* UICollectionReusableView+ReusedCellID.m */ = {isa = PBXFileReference; fileEncoding = 4; lastKnownFileType = sourcecode.c.objc; path = "UICollectionReusableView+ReusedCellID.m"; sourceTree = "<group>"; };
		C4D95A511F0C70B60058F4DF /* EGProject.app */ = {isa = PBXFileReference; explicitFileType = wrapper.application; includeInIndex = 0; path = EGProject.app; sourceTree = BUILT_PRODUCTS_DIR; };
		C4D95A551F0C70B60058F4DF /* main.m */ = {isa = PBXFileReference; lastKnownFileType = sourcecode.c.objc; path = main.m; sourceTree = "<group>"; };
		C4D95A571F0C70B60058F4DF /* AppDelegate.h */ = {isa = PBXFileReference; lastKnownFileType = sourcecode.c.h; path = AppDelegate.h; sourceTree = "<group>"; };
		C4D95A581F0C70B60058F4DF /* AppDelegate.m */ = {isa = PBXFileReference; lastKnownFileType = sourcecode.c.objc; path = AppDelegate.m; sourceTree = "<group>"; };
		C4D95A601F0C70B60058F4DF /* Assets.xcassets */ = {isa = PBXFileReference; lastKnownFileType = folder.assetcatalog; name = Assets.xcassets; path = ../Assets.xcassets; sourceTree = "<group>"; };
		C4D95A631F0C70B60058F4DF /* Base */ = {isa = PBXFileReference; lastKnownFileType = file.storyboard; name = Base; path = Base.lproj/LaunchScreen.storyboard; sourceTree = "<group>"; };
		C4D95A651F0C70B60058F4DF /* Info.plist */ = {isa = PBXFileReference; lastKnownFileType = text.plist.xml; path = Info.plist; sourceTree = "<group>"; };
		C4D95A6A1F0C70B60058F4DF /* EGProjectTests.xctest */ = {isa = PBXFileReference; explicitFileType = wrapper.cfbundle; includeInIndex = 0; path = EGProjectTests.xctest; sourceTree = BUILT_PRODUCTS_DIR; };
		C4D95A6E1F0C70B60058F4DF /* EGProjectTests.m */ = {isa = PBXFileReference; lastKnownFileType = sourcecode.c.objc; path = EGProjectTests.m; sourceTree = "<group>"; };
		C4D95A701F0C70B60058F4DF /* Info.plist */ = {isa = PBXFileReference; lastKnownFileType = text.plist.xml; path = Info.plist; sourceTree = "<group>"; };
		C4D95A751F0C70B60058F4DF /* EGProjectUITests.xctest */ = {isa = PBXFileReference; explicitFileType = wrapper.cfbundle; includeInIndex = 0; path = EGProjectUITests.xctest; sourceTree = BUILT_PRODUCTS_DIR; };
		C4D95A791F0C70B60058F4DF /* EGProjectUITests.m */ = {isa = PBXFileReference; lastKnownFileType = sourcecode.c.objc; path = EGProjectUITests.m; sourceTree = "<group>"; };
		C4D95A7B1F0C70B60058F4DF /* Info.plist */ = {isa = PBXFileReference; lastKnownFileType = text.plist.xml; path = Info.plist; sourceTree = "<group>"; };
		C4D95A8A1F0C73010058F4DF /* EGBasicViewController.h */ = {isa = PBXFileReference; fileEncoding = 4; lastKnownFileType = sourcecode.c.h; path = EGBasicViewController.h; sourceTree = "<group>"; };
		C4D95A8B1F0C73010058F4DF /* EGBasicViewController.m */ = {isa = PBXFileReference; fileEncoding = 4; lastKnownFileType = sourcecode.c.objc; path = EGBasicViewController.m; sourceTree = "<group>"; };
		C4D95A8C1F0C73010058F4DF /* EGRootTabController.h */ = {isa = PBXFileReference; fileEncoding = 4; lastKnownFileType = sourcecode.c.h; path = EGRootTabController.h; sourceTree = "<group>"; };
		C4D95A8D1F0C73010058F4DF /* EGRootTabController.m */ = {isa = PBXFileReference; fileEncoding = 4; lastKnownFileType = sourcecode.c.objc; path = EGRootTabController.m; sourceTree = "<group>"; };
		C4D95A8E1F0C73010058F4DF /* YHD.pch */ = {isa = PBXFileReference; fileEncoding = 4; lastKnownFileType = sourcecode.c.h; path = YHD.pch; sourceTree = "<group>"; };
		C4D95A901F0C73010058F4DF /* EGHomeViewController.h */ = {isa = PBXFileReference; fileEncoding = 4; lastKnownFileType = sourcecode.c.h; path = EGHomeViewController.h; sourceTree = "<group>"; };
		C4D95A911F0C73010058F4DF /* EGHomeViewController.m */ = {isa = PBXFileReference; fileEncoding = 4; lastKnownFileType = sourcecode.c.objc; path = EGHomeViewController.m; sourceTree = "<group>"; };
		C4D95A961F0C73010058F4DF /* EGSelectController.h */ = {isa = PBXFileReference; fileEncoding = 4; lastKnownFileType = sourcecode.c.h; path = EGSelectController.h; sourceTree = "<group>"; };
		C4D95A991F0C73010058F4DF /* EGShoppingCarController.h */ = {isa = PBXFileReference; fileEncoding = 4; lastKnownFileType = sourcecode.c.h; path = EGShoppingCarController.h; sourceTree = "<group>"; };
		C4D95A9A1F0C73010058F4DF /* EGShoppingCarController.m */ = {isa = PBXFileReference; fileEncoding = 4; lastKnownFileType = sourcecode.c.objc; path = EGShoppingCarController.m; sourceTree = "<group>"; };
		C4D95A9F1F0C73010058F4DF /* EGTestFunctionsController.h */ = {isa = PBXFileReference; fileEncoding = 4; lastKnownFileType = sourcecode.c.h; path = EGTestFunctionsController.h; sourceTree = "<group>"; };
		C4D95AA01F0C73010058F4DF /* EGTestFunctionsController.m */ = {isa = PBXFileReference; fileEncoding = 4; lastKnownFileType = sourcecode.c.objc; path = EGTestFunctionsController.m; sourceTree = "<group>"; };
		C4D95AA21F0C73010058F4DF /* EGUserController.h */ = {isa = PBXFileReference; fileEncoding = 4; lastKnownFileType = sourcecode.c.h; path = EGUserController.h; sourceTree = "<group>"; };
		C4D95AA31F0C73010058F4DF /* EGUserController.m */ = {isa = PBXFileReference; fileEncoding = 4; lastKnownFileType = sourcecode.c.objc; path = EGUserController.m; sourceTree = "<group>"; };
		C4F69E371F0E6BB000F3F359 /* scan_success.wav */ = {isa = PBXFileReference; lastKnownFileType = audio.wav; path = scan_success.wav; sourceTree = "<group>"; };
		C4FAEDC01F18547900F1F124 /* EGCustomButton.h */ = {isa = PBXFileReference; fileEncoding = 4; lastKnownFileType = sourcecode.c.h; path = EGCustomButton.h; sourceTree = "<group>"; };
		C4FAEDC11F18547900F1F124 /* EGCustomButton.m */ = {isa = PBXFileReference; fileEncoding = 4; lastKnownFileType = sourcecode.c.objc; path = EGCustomButton.m; sourceTree = "<group>"; };
		C4FAEDC31F188F6200F1F124 /* EGControllerTransitionGestureHelper.h */ = {isa = PBXFileReference; fileEncoding = 4; lastKnownFileType = sourcecode.c.h; path = EGControllerTransitionGestureHelper.h; sourceTree = "<group>"; };
		C4FAEDC41F188F6200F1F124 /* EGControllerTransitionGestureHelper.m */ = {isa = PBXFileReference; fileEncoding = 4; lastKnownFileType = sourcecode.c.objc; path = EGControllerTransitionGestureHelper.m; sourceTree = "<group>"; };
		C4FAEDC61F18999100F1F124 /* UIScrollView+Direction.h */ = {isa = PBXFileReference; fileEncoding = 4; lastKnownFileType = sourcecode.c.h; path = "UIScrollView+Direction.h"; sourceTree = "<group>"; };
		C4FAEDC71F18999100F1F124 /* UIScrollView+Direction.m */ = {isa = PBXFileReference; fileEncoding = 4; lastKnownFileType = sourcecode.c.objc; path = "UIScrollView+Direction.m"; sourceTree = "<group>"; };
		C4FAEDCA1F18AA6800F1F124 /* EGRecommendController.h */ = {isa = PBXFileReference; fileEncoding = 4; lastKnownFileType = sourcecode.c.h; path = EGRecommendController.h; sourceTree = "<group>"; };
		C4FAEDCB1F18AA6800F1F124 /* EGRecommendController.m */ = {isa = PBXFileReference; fileEncoding = 4; lastKnownFileType = sourcecode.c.objc; path = EGRecommendController.m; sourceTree = "<group>"; };
		C4FAEDCE1F18AAA200F1F124 /* EGSpecialController.h */ = {isa = PBXFileReference; fileEncoding = 4; lastKnownFileType = sourcecode.c.h; path = EGSpecialController.h; sourceTree = "<group>"; };
		C4FAEDCF1F18AAA200F1F124 /* EGSpecialController.m */ = {isa = PBXFileReference; fileEncoding = 4; lastKnownFileType = sourcecode.c.objc; path = EGSpecialController.m; sourceTree = "<group>"; };
		C4FC54B91F23170700851BB7 /* EGCameraManager.h */ = {isa = PBXFileReference; fileEncoding = 4; lastKnownFileType = sourcecode.c.h; path = EGCameraManager.h; sourceTree = "<group>"; };
		C4FC54BA1F23170700851BB7 /* EGCameraManager.m */ = {isa = PBXFileReference; fileEncoding = 4; lastKnownFileType = sourcecode.c.objc; path = EGCameraManager.m; sourceTree = "<group>"; };
		D2708E533CFA0CA5D1C47C18 /* Pods-EGProject.release.xcconfig */ = {isa = PBXFileReference; includeInIndex = 1; lastKnownFileType = text.xcconfig; name = "Pods-EGProject.release.xcconfig"; path = "Pods/Target Support Files/Pods-EGProject/Pods-EGProject.release.xcconfig"; sourceTree = "<group>"; };
		D400CE82038D6DE093148400 /* Pods-EGProjectTests.debug.xcconfig */ = {isa = PBXFileReference; includeInIndex = 1; lastKnownFileType = text.xcconfig; name = "Pods-EGProjectTests.debug.xcconfig"; path = "Pods/Target Support Files/Pods-EGProjectTests/Pods-EGProjectTests.debug.xcconfig"; sourceTree = "<group>"; };
		DBB41D69B4A0EA14AD384518 /* Pods-EGProjectUITests.debug.xcconfig */ = {isa = PBXFileReference; includeInIndex = 1; lastKnownFileType = text.xcconfig; name = "Pods-EGProjectUITests.debug.xcconfig"; path = "Pods/Target Support Files/Pods-EGProjectUITests/Pods-EGProjectUITests.debug.xcconfig"; sourceTree = "<group>"; };
		E97E4415D633ABF5111C04AA /* libPods-EGProjectTests.a */ = {isa = PBXFileReference; explicitFileType = archive.ar; includeInIndex = 0; path = "libPods-EGProjectTests.a"; sourceTree = BUILT_PRODUCTS_DIR; };
		EB5932B408CEB749223A6661 /* libPods-EGProjectUITests.a */ = {isa = PBXFileReference; explicitFileType = archive.ar; includeInIndex = 0; path = "libPods-EGProjectUITests.a"; sourceTree = BUILT_PRODUCTS_DIR; };
/* End PBXFileReference section */

/* Begin PBXFrameworksBuildPhase section */
		91D1CC5B216DF87600211E0C /* Frameworks */ = {
			isa = PBXFrameworksBuildPhase;
			buildActionMask = 2147483647;
			files = (
			);
			runOnlyForDeploymentPostprocessing = 0;
		};
		C4D95A4E1F0C70B60058F4DF /* Frameworks */ = {
			isa = PBXFrameworksBuildPhase;
			buildActionMask = 2147483647;
			files = (
				370B4599AA384A5AE931750F /* libPods-EGProject.a in Frameworks */,
			);
			runOnlyForDeploymentPostprocessing = 0;
		};
		C4D95A671F0C70B60058F4DF /* Frameworks */ = {
			isa = PBXFrameworksBuildPhase;
			buildActionMask = 2147483647;
			files = (
				B3277A908061E0D1B3A7BEEA /* libPods-EGProjectTests.a in Frameworks */,
			);
			runOnlyForDeploymentPostprocessing = 0;
		};
		C4D95A721F0C70B60058F4DF /* Frameworks */ = {
			isa = PBXFrameworksBuildPhase;
			buildActionMask = 2147483647;
			files = (
				C598291833CCF5F64DD1AC41 /* libPods-EGProjectUITests.a in Frameworks */,
			);
			runOnlyForDeploymentPostprocessing = 0;
		};
/* End PBXFrameworksBuildPhase section */

/* Begin PBXGroup section */
		30B1311F799A666A746B6CD9 /* Frameworks */ = {
			isa = PBXGroup;
			children = (
				8D5436C5440DC9FEC413DCE1 /* libPods-EGProject.a */,
				E97E4415D633ABF5111C04AA /* libPods-EGProjectTests.a */,
				EB5932B408CEB749223A6661 /* libPods-EGProjectUITests.a */,
			);
			name = Frameworks;
			sourceTree = "<group>";
		};
		55B31262B05D695648A8A40C /* Pods */ = {
			isa = PBXGroup;
			children = (
				1BDE30D97CDC7B43C7C138F6 /* Pods-EGProject.debug.xcconfig */,
				D2708E533CFA0CA5D1C47C18 /* Pods-EGProject.release.xcconfig */,
				D400CE82038D6DE093148400 /* Pods-EGProjectTests.debug.xcconfig */,
				A17F8352A51A27CB4C5A1BD7 /* Pods-EGProjectTests.release.xcconfig */,
				DBB41D69B4A0EA14AD384518 /* Pods-EGProjectUITests.debug.xcconfig */,
				A98F6E4E5E5FF6BAFDF37C4E /* Pods-EGProjectUITests.release.xcconfig */,
			);
			name = Pods;
			sourceTree = "<group>";
		};
		91D1CC5F216DF87600211E0C /* DistributeDataHandle */ = {
			isa = PBXGroup;
			children = (
				91D1CC60216DF87700211E0C /* AppDelegate.h */,
				91D1CC61216DF87700211E0C /* AppDelegate.m */,
				91D1CC63216DF87700211E0C /* ViewController.h */,
				91D1CC64216DF87700211E0C /* ViewController.m */,
				91D1CC7D216DFB0E00211E0C /* EGHandleDataProtocol.h */,
				91D1CC7E216DFC3B00211E0C /* EGAPIManager.h */,
				91D1CC7F216DFC3B00211E0C /* EGAPIManager.m */,
				91D1CC77216DFA1A00211E0C /* EGDataHandle1ViewController.h */,
				91D1CC78216DFA1A00211E0C /* EGDataHandle1ViewController.m */,
				91D1CC7A216DFA2500211E0C /* EGDataHandle2ViewController.h */,
				91D1CC7B216DFA2500211E0C /* EGDataHandle2ViewController.m */,
				91D1CC66216DF87700211E0C /* Main.storyboard */,
				91D1CC69216DF89700211E0C /* Assets.xcassets */,
				91D1CC6B216DF89700211E0C /* LaunchScreen.storyboard */,
				91D1CC6E216DF89700211E0C /* Info.plist */,
				91D1CC6F216DF89700211E0C /* main.m */,
			);
			path = DistributeDataHandle;
			sourceTree = "<group>";
		};
		C458B78D1F2094D50080DFAE /* Common */ = {
			isa = PBXGroup;
			children = (
				C458B78F1F2094E60080DFAE /* EGCommonViewController.h */,
				C458B7901F2094E60080DFAE /* EGCommonViewController.m */,
			);
			path = Common;
			sourceTree = "<group>";
		};
		C458B78E1F2094D50080DFAE /* TimeLimit */ = {
			isa = PBXGroup;
			children = (
				C458B7921F2094FC0080DFAE /* EGTimeLimitViewController.h */,
				C458B7931F2094FC0080DFAE /* EGTimeLimitViewController.m */,
			);
			path = TimeLimit;
			sourceTree = "<group>";
		};
		C45BD7BA1F1F06200059E71B /* CDD */ = {
			isa = PBXGroup;
			children = (
				C45BD7BB1F1F06200059E71B /* CDDContext.h */,
				C45BD7BC1F1F06200059E71B /* CDDContext.m */,
				C45BD7BD1F1F06200059E71B /* CDDMutableArray.h */,
				C45BD7BE1F1F06200059E71B /* CDDMutableArray.m */,
				C45BD7BF1F1F06200059E71B /* NSObject+CDD.h */,
				C45BD7C01F1F06200059E71B /* NSObject+CDD.m */,
				C45BD7C11F1F06200059E71B /* UIView+CDD.h */,
				C45BD7C21F1F06200059E71B /* UIView+CDD.m */,
			);
			path = CDD;
			sourceTree = "<group>";
		};
		C460EB351F19E533004AD1C3 /* Other */ = {
			isa = PBXGroup;
			children = (
				C460EB3F1F19E787004AD1C3 /* EGMethodSwizzlingHelper.h */,
				C460EB401F19E787004AD1C3 /* EGMethodSwizzlingHelper.m */,
				C4FC54B91F23170700851BB7 /* EGCameraManager.h */,
				C4FC54BA1F23170700851BB7 /* EGCameraManager.m */,
			);
			path = Other;
			sourceTree = "<group>";
		};
		C463E6891F1744A700C22840 /* Tools */ = {
			isa = PBXGroup;
			children = (
				C463E68B1F1744F000C22840 /* EGControllerTransitionManager.h */,
				C463E68C1F1744F000C22840 /* EGControllerTransitionManager.m */,
				C4FAEDC31F188F6200F1F124 /* EGControllerTransitionGestureHelper.h */,
				C4FAEDC41F188F6200F1F124 /* EGControllerTransitionGestureHelper.m */,
			);
			path = Tools;
			sourceTree = "<group>";
		};
		C46A37D21F0E5508009B0F37 /* Category */ = {
			isa = PBXGroup;
			children = (
				C460EB451F19EE22004AD1C3 /* NSArray+Log.h */,
				C460EB461F19EE22004AD1C3 /* NSArray+Log.m */,
				C460EB391F19E674004AD1C3 /* NSArray+Beyond.h */,
				C460EB3A1F19E674004AD1C3 /* NSArray+Beyond.m */,
				C460EB3C1F19E6AB004AD1C3 /* NSMutableArray+Beyond.h */,
				C460EB3D1F19E6AB004AD1C3 /* NSMutableArray+Beyond.m */,
				C460EB421F19EA95004AD1C3 /* NSObject+AssociatedObject.h */,
				C460EB431F19EA95004AD1C3 /* NSObject+AssociatedObject.m */,
				C460EB481F19EE47004AD1C3 /* NSDictionary+Log.h */,
				C460EB491F19EE47004AD1C3 /* NSDictionary+Log.m */,
				C46A37DB1F0E55E8009B0F37 /* UIColor+PDExtension.h */,
				C46A37DC1F0E55E8009B0F37 /* UIColor+PDExtension.m */,
				C46A37D31F0E5508009B0F37 /* Abstract */,
				C46A37D41F0E5508009B0F37 /* UI */,
				C4D28F7D1F21F85000CBB5EC /* UICollectionReusableView+ReusedCellID.h */,
				C4D28F7E1F21F85000CBB5EC /* UICollectionReusableView+ReusedCellID.m */,
				C41131E21F261FFD00DAE972 /* UIImage+Extension.h */,
				C41131E31F261FFD00DAE972 /* UIImage+Extension.m */,
			);
			path = Category;
			sourceTree = "<group>";
		};
		C46A37D31F0E5508009B0F37 /* Abstract */ = {
			isa = PBXGroup;
			children = (
			);
			path = Abstract;
			sourceTree = "<group>";
		};
		C46A37D41F0E5508009B0F37 /* UI */ = {
			isa = PBXGroup;
			children = (
				C4FAEDC61F18999100F1F124 /* UIScrollView+Direction.h */,
				C4FAEDC71F18999100F1F124 /* UIScrollView+Direction.m */,
				C48A0E991F17AA81003BEAC1 /* UIBarButtonItem+BarButtonItemWithButton.h */,
				C48A0E9A1F17AA81003BEAC1 /* UIBarButtonItem+BarButtonItemWithButton.m */,
				C48A0E841F176698003BEAC1 /* UIView+Extension.h */,
				C48A0E851F176698003BEAC1 /* UIView+Extension.m */,
				C48A0E8D1F177594003BEAC1 /* UITableViewCell+CaculateHeight.h */,
				C48A0E8E1F177594003BEAC1 /* UITableViewCell+CaculateHeight.m */,
			);
			path = UI;
			sourceTree = "<group>";
		};
		C46A37DE1F0E56DD009B0F37 /* Constants */ = {
			isa = PBXGroup;
			children = (
				C4D95A8E1F0C73010058F4DF /* YHD.pch */,
				C46A37CF1F0E5358009B0F37 /* UIConstants.h */,
				C46A37D01F0E536D009B0F37 /* Notifications.h */,
				C46A37D11F0E53A8009B0F37 /* Defines.h */,
			);
			name = Constants;
			sourceTree = "<group>";
		};
		C4AED3241F1F546F00FF1403 /* Order */ = {
			isa = PBXGroup;
			children = (
				C4AED3261F1F548C00FF1403 /* EGOrderViewController.h */,
				C4AED3271F1F548C00FF1403 /* EGOrderViewController.m */,
			);
			path = Order;
			sourceTree = "<group>";
		};
		C4AED3251F1F547800FF1403 /* Order */ = {
			isa = PBXGroup;
			children = (
				915FC8611F28E35700EB26EF /* EGOrderOptionsTableViewCell.h */,
				915FC8621F28E35700EB26EF /* EGOrderOptionsTableViewCell.m */,
			);
			path = Order;
			sourceTree = "<group>";
		};
		C4AF60351F1DFC2A00474E97 /* Messages */ = {
			isa = PBXGroup;
			children = (
				C4AF603A1F1DFC4400474E97 /* EGMessagesViewController.h */,
				C4AF603B1F1DFC4400474E97 /* EGMessagesViewController.m */,
			);
			path = Messages;
			sourceTree = "<group>";
		};
		C4AF60361F1DFC2A00474E97 /* Scan */ = {
			isa = PBXGroup;
			children = (
				C4AF60371F1DFC3A00474E97 /* EGScanViewController.h */,
				C4AF60381F1DFC3A00474E97 /* EGScanViewController.m */,
			);
			path = Scan;
			sourceTree = "<group>";
		};
		C4AF603D1F1E071F00474E97 /* Search */ = {
			isa = PBXGroup;
			children = (
				C4AF603E1F1E072C00474E97 /* EGSearchViewController.h */,
				C4AF603F1F1E072C00474E97 /* EGSearchViewController.m */,
			);
			path = Search;
			sourceTree = "<group>";
		};
		C4D95A481F0C70B60058F4DF = {
			isa = PBXGroup;
			children = (
				C4D95A531F0C70B60058F4DF /* EGProject */,
				C4D95A6D1F0C70B60058F4DF /* EGProjectTests */,
				C4D95A781F0C70B60058F4DF /* EGProjectUITests */,
				91D1CC5F216DF87600211E0C /* DistributeDataHandle */,
				C4D95A521F0C70B60058F4DF /* Products */,
				C4D95AA51F0C73010058F4DF /* Resources */,
				55B31262B05D695648A8A40C /* Pods */,
				30B1311F799A666A746B6CD9 /* Frameworks */,
			);
			sourceTree = "<group>";
		};
		C4D95A521F0C70B60058F4DF /* Products */ = {
			isa = PBXGroup;
			children = (
				C4D95A511F0C70B60058F4DF /* EGProject.app */,
				C4D95A6A1F0C70B60058F4DF /* EGProjectTests.xctest */,
				C4D95A751F0C70B60058F4DF /* EGProjectUITests.xctest */,
				91D1CC5E216DF87600211E0C /* DistributeDataHandle.app */,
			);
			name = Products;
			sourceTree = "<group>";
		};
		C4D95A531F0C70B60058F4DF /* EGProject */ = {
			isa = PBXGroup;
			children = (
				C4D95A571F0C70B60058F4DF /* AppDelegate.h */,
				C4D95A581F0C70B60058F4DF /* AppDelegate.m */,
				C4D95A871F0C73010058F4DF /* Classes */,
				C4D95AA61F0C73010058F4DF /* Tools */,
				C4D95AAF1F0C758C0058F4DF /* BasicInfo */,
				C4D95A541F0C70B60058F4DF /* Supporting Files */,
			);
			path = EGProject;
			sourceTree = "<group>";
		};
		C4D95A541F0C70B60058F4DF /* Supporting Files */ = {
			isa = PBXGroup;
			children = (
				C4D95A551F0C70B60058F4DF /* main.m */,
			);
			name = "Supporting Files";
			sourceTree = "<group>";
		};
		C4D95A6D1F0C70B60058F4DF /* EGProjectTests */ = {
			isa = PBXGroup;
			children = (
				C4D95A6E1F0C70B60058F4DF /* EGProjectTests.m */,
				C4D95A701F0C70B60058F4DF /* Info.plist */,
			);
			path = EGProjectTests;
			sourceTree = "<group>";
		};
		C4D95A781F0C70B60058F4DF /* EGProjectUITests */ = {
			isa = PBXGroup;
			children = (
				C4D95A791F0C70B60058F4DF /* EGProjectUITests.m */,
				C4D95A7B1F0C70B60058F4DF /* Info.plist */,
			);
			path = EGProjectUITests;
			sourceTree = "<group>";
		};
		C4D95A871F0C73010058F4DF /* Classes */ = {
			isa = PBXGroup;
			children = (
				C4D95A881F0C73010058F4DF /* Basic */,
				C4D95A8F1F0C73010058F4DF /* Home */,
				C4FAEDCD1F18AA9200F1F124 /* Special */,
				C4D95A951F0C73010058F4DF /* Select */,
				C4D95A981F0C73010058F4DF /* ShoppingCar */,
				C4D95AA11F0C73010058F4DF /* User */,
				C4D95A9E1F0C73010058F4DF /* Tests */,
			);
			path = Classes;
			sourceTree = "<group>";
		};
		C4D95A881F0C73010058F4DF /* Basic */ = {
			isa = PBXGroup;
			children = (
				C46AA9461F26E6F600DCE49B /* EGShareViewController.h */,
				C46AA9471F26E6F600DCE49B /* EGShareViewController.m */,
				C46A37DE1F0E56DD009B0F37 /* Constants */,
				C463E6891F1744A700C22840 /* Tools */,
				C4D95A891F0C73010058F4DF /* View */,
			);
			path = Basic;
			sourceTree = "<group>";
		};
		C4D95A891F0C73010058F4DF /* View */ = {
			isa = PBXGroup;
			children = (
				C4D28F771F21F76500CBB5EC /* EGCommonGoodsCell.h */,
				C4D28F781F21F76500CBB5EC /* EGCommonGoodsCell.m */,
				C4D28F7A1F21F7FE00CBB5EC /* EGCommentClassificationCell.h */,
				C4D28F7B1F21F7FE00CBB5EC /* EGCommentClassificationCell.m */,
				C4D95A8C1F0C73010058F4DF /* EGRootTabController.h */,
				C4D95A8D1F0C73010058F4DF /* EGRootTabController.m */,
				C46A37DF1F0E57F5009B0F37 /* EGNavigationController.h */,
				C46A37E01F0E57F5009B0F37 /* EGNavigationController.m */,
				C4D95A8A1F0C73010058F4DF /* EGBasicViewController.h */,
				C4D95A8B1F0C73010058F4DF /* EGBasicViewController.m */,
				C458B7951F2098080080DFAE /* EGGoodsViewController.h */,
				C458B7961F2098080080DFAE /* EGGoodsViewController.m */,
				C4FAEDC01F18547900F1F124 /* EGCustomButton.h */,
				C4FAEDC11F18547900F1F124 /* EGCustomButton.m */,
				C4AF60441F1E10F500474E97 /* EGOptionsView.h */,
				C4AF60451F1E10F500474E97 /* EGOptionsView.m */,
				C4AED3181F1F3EDD00FF1403 /* EGSpecialOptionsView.h */,
				C4AED3191F1F3EDD00FF1403 /* EGSpecialOptionsView.m */,
				C4AED31E1F1F3F8700FF1403 /* EGOptionTextCollectionViewCell.h */,
				C4AED31F1F1F3F8700FF1403 /* EGOptionTextCollectionViewCell.m */,
			);
			path = View;
			sourceTree = "<group>";
		};
		C4D95A8F1F0C73010058F4DF /* Home */ = {
			isa = PBXGroup;
			children = (
				C4D95A901F0C73010058F4DF /* EGHomeViewController.h */,
				C4D95A911F0C73010058F4DF /* EGHomeViewController.m */,
				C48A0E931F17A805003BEAC1 /* EGSearchGoodsController.h */,
				C48A0E941F17A805003BEAC1 /* EGSearchGoodsController.m */,
				C48A0E901F17A345003BEAC1 /* EGGoodsPresentController.h */,
				C48A0E911F17A345003BEAC1 /* EGGoodsPresentController.m */,
				C48A0E961F17A82F003BEAC1 /* EGHomeNavigationBar.h */,
				C48A0E971F17A82F003BEAC1 /* EGHomeNavigationBar.m */,
				C47541E31F21A6190007C595 /* EGPresentGoodsCollectionViewCell.h */,
				C47541E41F21A6190007C595 /* EGPresentGoodsCollectionViewCell.m */,
				C47541E61F21A9C50007C595 /* EGGoodsShelfBaseActionHandle.h */,
				C47541E71F21A9C50007C595 /* EGGoodsShelfBaseActionHandle.m */,
				C47541ED1F21E1940007C595 /* EGBannerCollectionViewCell.h */,
				C47541EE1F21E1940007C595 /* EGBannerCollectionViewCell.m */,
				C4FAEDC91F18AA6800F1F124 /* Recommends */,
				C458B78E1F2094D50080DFAE /* TimeLimit */,
				C458B78D1F2094D50080DFAE /* Common */,
				C4AF60361F1DFC2A00474E97 /* Scan */,
				C4AF60351F1DFC2A00474E97 /* Messages */,
				C4AF603D1F1E071F00474E97 /* Search */,
			);
			path = Home;
			sourceTree = "<group>";
		};
		C4D95A951F0C73010058F4DF /* Select */ = {
			isa = PBXGroup;
			children = (
				C4D95A961F0C73010058F4DF /* EGSelectController.h */,
				91BC51981F24F6490074D865 /* EGSelectController.m */,
				91BC519A1F24F66D0074D865 /* EGOfficialRecommendController.h */,
				91BC519B1F24F66D0074D865 /* EGOfficialRecommendController.m */,
				91BC519C1F24F66D0074D865 /* EGSearchBar.h */,
				91BC519D1F24F66D0074D865 /* EGSearchBar.m */,
			);
			path = Select;
			sourceTree = "<group>";
		};
		C4D95A981F0C73010058F4DF /* ShoppingCar */ = {
			isa = PBXGroup;
			children = (
				C4D95A991F0C73010058F4DF /* EGShoppingCarController.h */,
				C4D95A9A1F0C73010058F4DF /* EGShoppingCarController.m */,
				C4D95A9B1F0C73010058F4DF /* Model */,
				C4D95A9C1F0C73010058F4DF /* Presenter */,
				C4D95A9D1F0C73010058F4DF /* View */,
			);
			path = ShoppingCar;
			sourceTree = "<group>";
		};
		C4D95A9B1F0C73010058F4DF /* Model */ = {
			isa = PBXGroup;
			children = (
				C442CD001F149EB400947616 /* EGGoodsModel.h */,
				C442CD011F149EB400947616 /* EGGoodsModel.m */,
			);
			path = Model;
			sourceTree = "<group>";
		};
		C4D95A9C1F0C73010058F4DF /* Presenter */ = {
			isa = PBXGroup;
			children = (
			);
			path = Presenter;
			sourceTree = "<group>";
		};
		C4D95A9D1F0C73010058F4DF /* View */ = {
			isa = PBXGroup;
			children = (
				C4446C081F10DCA5007431E8 /* EGShoppingCarRecommendCell.h */,
				C4446C091F10DCA5007431E8 /* EGShoppingCarRecommendCell.m */,
				C41131DF1F261DAA00DAE972 /* EGOrderBar.h */,
				C41131E01F261DAA00DAE972 /* EGOrderBar.m */,
			);
			path = View;
			sourceTree = "<group>";
		};
		C4D95A9E1F0C73010058F4DF /* Tests */ = {
			isa = PBXGroup;
			children = (
				C4D95A9F1F0C73010058F4DF /* EGTestFunctionsController.h */,
				C4D95AA01F0C73010058F4DF /* EGTestFunctionsController.m */,
				C46AA9491F26ED3E00DCE49B /* EGTestXIBViewController.h */,
				C46AA94A1F26ED3E00DCE49B /* EGTestXIBViewController.m */,
				C46AA94B1F26ED3E00DCE49B /* EGTestXIBViewController.xib */,
			);
			path = Tests;
			sourceTree = "<group>";
		};
		C4D95AA11F0C73010058F4DF /* User */ = {
			isa = PBXGroup;
			children = (
				C4AED3251F1F547800FF1403 /* Order */,
				C4D95AA21F0C73010058F4DF /* EGUserController.h */,
				C4D95AA31F0C73010058F4DF /* EGUserController.m */,
				C48A0E871F177284003BEAC1 /* EGUserInfoCatalogueCell.h */,
				C48A0E881F177284003BEAC1 /* EGUserInfoCatalogueCell.m */,
				C4AED3211F1F470900FF1403 /* EGAccountInfoView.h */,
				C4AED3221F1F470900FF1403 /* EGAccountInfoView.m */,
				C4AED3241F1F546F00FF1403 /* Order */,
			);
			path = User;
			sourceTree = "<group>";
		};
		C4D95AA51F0C73010058F4DF /* Resources */ = {
			isa = PBXGroup;
			children = (
				C4F69E371F0E6BB000F3F359 /* scan_success.wav */,
				C4D95A601F0C70B60058F4DF /* Assets.xcassets */,
			);
			name = Resources;
			path = EGProject/Resources;
			sourceTree = "<group>";
		};
		C4D95AA61F0C73010058F4DF /* Tools */ = {
			isa = PBXGroup;
			children = (
				C45BD7BA1F1F06200059E71B /* CDD */,
				C46A37D21F0E5508009B0F37 /* Category */,
				C460EB351F19E533004AD1C3 /* Other */,
			);
			path = Tools;
			sourceTree = "<group>";
		};
		C4D95AAF1F0C758C0058F4DF /* BasicInfo */ = {
			isa = PBXGroup;
			children = (
				C4D95A621F0C70B60058F4DF /* LaunchScreen.storyboard */,
				C4D95A651F0C70B60058F4DF /* Info.plist */,
			);
			name = BasicInfo;
			sourceTree = "<group>";
		};
		C4FAEDC91F18AA6800F1F124 /* Recommends */ = {
			isa = PBXGroup;
			children = (
				C4FAEDCA1F18AA6800F1F124 /* EGRecommendController.h */,
				C4FAEDCB1F18AA6800F1F124 /* EGRecommendController.m */,
			);
			path = Recommends;
			sourceTree = "<group>";
		};
		C4FAEDCD1F18AA9200F1F124 /* Special */ = {
			isa = PBXGroup;
			children = (
				C4FAEDCE1F18AAA200F1F124 /* EGSpecialController.h */,
				C4FAEDCF1F18AAA200F1F124 /* EGSpecialController.m */,
				91BC51921F24F6390074D865 /* EGSpecialTableViewCell.h */,
				91BC51931F24F6390074D865 /* EGSpecialTableViewCell.m */,
				91BC51941F24F6390074D865 /* EGSpecialTopCollectionTableViewCell.h */,
				91BC51951F24F6390074D865 /* EGSpecialTopCollectionTableViewCell.m */,
			);
			path = Special;
			sourceTree = "<group>";
		};
/* End PBXGroup section */

/* Begin PBXNativeTarget section */
		91D1CC5D216DF87600211E0C /* DistributeDataHandle */ = {
			isa = PBXNativeTarget;
			buildConfigurationList = 91D1CC71216DF89700211E0C /* Build configuration list for PBXNativeTarget "DistributeDataHandle" */;
			buildPhases = (
				91D1CC5A216DF87600211E0C /* Sources */,
				91D1CC5B216DF87600211E0C /* Frameworks */,
				91D1CC5C216DF87600211E0C /* Resources */,
			);
			buildRules = (
			);
			dependencies = (
			);
			name = DistributeDataHandle;
			productName = DistributeDataHandle;
			productReference = 91D1CC5E216DF87600211E0C /* DistributeDataHandle.app */;
			productType = "com.apple.product-type.application";
		};
		C4D95A501F0C70B60058F4DF /* EGProject */ = {
			isa = PBXNativeTarget;
			buildConfigurationList = C4D95A7E1F0C70B60058F4DF /* Build configuration list for PBXNativeTarget "EGProject" */;
			buildPhases = (
				6CC1FC85D75386F967762481 /* [CP] Check Pods Manifest.lock */,
				C4D95A4D1F0C70B60058F4DF /* Sources */,
				C4D95A4E1F0C70B60058F4DF /* Frameworks */,
				C4D95A4F1F0C70B60058F4DF /* Resources */,
				2E92B37A3C059A7B58C2A8DA /* [CP] Copy Pods Resources */,
			);
			buildRules = (
			);
			dependencies = (
			);
			name = EGProject;
			productName = EGProject;
			productReference = C4D95A511F0C70B60058F4DF /* EGProject.app */;
			productType = "com.apple.product-type.application";
		};
		C4D95A691F0C70B60058F4DF /* EGProjectTests */ = {
			isa = PBXNativeTarget;
			buildConfigurationList = C4D95A811F0C70B60058F4DF /* Build configuration list for PBXNativeTarget "EGProjectTests" */;
			buildPhases = (
				1BFAB509CE35F79AAEB6A254 /* [CP] Check Pods Manifest.lock */,
				C4D95A661F0C70B60058F4DF /* Sources */,
				C4D95A671F0C70B60058F4DF /* Frameworks */,
				C4D95A681F0C70B60058F4DF /* Resources */,
			);
			buildRules = (
			);
			dependencies = (
				C4D95A6C1F0C70B60058F4DF /* PBXTargetDependency */,
			);
			name = EGProjectTests;
			productName = EGProjectTests;
			productReference = C4D95A6A1F0C70B60058F4DF /* EGProjectTests.xctest */;
			productType = "com.apple.product-type.bundle.unit-test";
		};
		C4D95A741F0C70B60058F4DF /* EGProjectUITests */ = {
			isa = PBXNativeTarget;
			buildConfigurationList = C4D95A841F0C70B60058F4DF /* Build configuration list for PBXNativeTarget "EGProjectUITests" */;
			buildPhases = (
				4818620DB80AC4300BF61F20 /* [CP] Check Pods Manifest.lock */,
				C4D95A711F0C70B60058F4DF /* Sources */,
				C4D95A721F0C70B60058F4DF /* Frameworks */,
				C4D95A731F0C70B60058F4DF /* Resources */,
			);
			buildRules = (
			);
			dependencies = (
				C4D95A771F0C70B60058F4DF /* PBXTargetDependency */,
			);
			name = EGProjectUITests;
			productName = EGProjectUITests;
			productReference = C4D95A751F0C70B60058F4DF /* EGProjectUITests.xctest */;
			productType = "com.apple.product-type.bundle.ui-testing";
		};
/* End PBXNativeTarget section */

/* Begin PBXProject section */
		C4D95A491F0C70B60058F4DF /* Project object */ = {
			isa = PBXProject;
			attributes = {
				CLASSPREFIX = EG;
				LastUpgradeCheck = 0830;
				ORGANIZATIONNAME = EGMade;
				TargetAttributes = {
					91D1CC5D216DF87600211E0C = {
						CreatedOnToolsVersion = 10.0;
						DevelopmentTeam = NXUQZ8YP3C;
						ProvisioningStyle = Automatic;
					};
					C4D95A501F0C70B60058F4DF = {
						CreatedOnToolsVersion = 8.3.3;
						DevelopmentTeam = NXUQZ8YP3C;
						ProvisioningStyle = Automatic;
					};
					C4D95A691F0C70B60058F4DF = {
						CreatedOnToolsVersion = 8.3.3;
						DevelopmentTeam = 3RQ4UGLT33;
						ProvisioningStyle = Automatic;
						TestTargetID = C4D95A501F0C70B60058F4DF;
					};
					C4D95A741F0C70B60058F4DF = {
						CreatedOnToolsVersion = 8.3.3;
						DevelopmentTeam = 3RQ4UGLT33;
						ProvisioningStyle = Automatic;
						TestTargetID = C4D95A501F0C70B60058F4DF;
					};
				};
			};
			buildConfigurationList = C4D95A4C1F0C70B60058F4DF /* Build configuration list for PBXProject "EGProject" */;
			compatibilityVersion = "Xcode 3.2";
			developmentRegion = English;
			hasScannedForEncodings = 0;
			knownRegions = (
				en,
				Base,
			);
			mainGroup = C4D95A481F0C70B60058F4DF;
			productRefGroup = C4D95A521F0C70B60058F4DF /* Products */;
			projectDirPath = "";
			projectRoot = "";
			targets = (
				C4D95A501F0C70B60058F4DF /* EGProject */,
				C4D95A691F0C70B60058F4DF /* EGProjectTests */,
				C4D95A741F0C70B60058F4DF /* EGProjectUITests */,
				91D1CC5D216DF87600211E0C /* DistributeDataHandle */,
			);
		};
/* End PBXProject section */

/* Begin PBXResourcesBuildPhase section */
		91D1CC5C216DF87600211E0C /* Resources */ = {
			isa = PBXResourcesBuildPhase;
			buildActionMask = 2147483647;
			files = (
				91D1CC6D216DF89700211E0C /* LaunchScreen.storyboard in Resources */,
				91D1CC6A216DF89700211E0C /* Assets.xcassets in Resources */,
				91D1CC68216DF87700211E0C /* Main.storyboard in Resources */,
			);
			runOnlyForDeploymentPostprocessing = 0;
		};
		C4D95A4F1F0C70B60058F4DF /* Resources */ = {
			isa = PBXResourcesBuildPhase;
			buildActionMask = 2147483647;
			files = (
				C4D95A641F0C70B60058F4DF /* LaunchScreen.storyboard in Resources */,
				C4D95A611F0C70B60058F4DF /* Assets.xcassets in Resources */,
				C46AA94D1F26ED3E00DCE49B /* EGTestXIBViewController.xib in Resources */,
				C4F69E381F0E6BB000F3F359 /* scan_success.wav in Resources */,
			);
			runOnlyForDeploymentPostprocessing = 0;
		};
		C4D95A681F0C70B60058F4DF /* Resources */ = {
			isa = PBXResourcesBuildPhase;
			buildActionMask = 2147483647;
			files = (
			);
			runOnlyForDeploymentPostprocessing = 0;
		};
		C4D95A731F0C70B60058F4DF /* Resources */ = {
			isa = PBXResourcesBuildPhase;
			buildActionMask = 2147483647;
			files = (
			);
			runOnlyForDeploymentPostprocessing = 0;
		};
/* End PBXResourcesBuildPhase section */

/* Begin PBXShellScriptBuildPhase section */
		1BFAB509CE35F79AAEB6A254 /* [CP] Check Pods Manifest.lock */ = {
			isa = PBXShellScriptBuildPhase;
			buildActionMask = 2147483647;
			files = (
			);
			inputPaths = (
				"${PODS_PODFILE_DIR_PATH}/Podfile.lock",
				"${PODS_ROOT}/Manifest.lock",
			);
			name = "[CP] Check Pods Manifest.lock";
			outputPaths = (
				"$(DERIVED_FILE_DIR)/Pods-EGProjectTests-checkManifestLockResult.txt",
			);
			runOnlyForDeploymentPostprocessing = 0;
			shellPath = /bin/sh;
			shellScript = "diff \"${PODS_PODFILE_DIR_PATH}/Podfile.lock\" \"${PODS_ROOT}/Manifest.lock\" > /dev/null\nif [ $? != 0 ] ; then\n    # print error to STDERR\n    echo \"error: The sandbox is not in sync with the Podfile.lock. Run 'pod install' or update your CocoaPods installation.\" >&2\n    exit 1\nfi\n# This output is used by Xcode 'outputs' to avoid re-running this script phase.\necho \"SUCCESS\" > \"${SCRIPT_OUTPUT_FILE_0}\"\n";
			showEnvVarsInLog = 0;
		};
		2E92B37A3C059A7B58C2A8DA /* [CP] Copy Pods Resources */ = {
			isa = PBXShellScriptBuildPhase;
			buildActionMask = 2147483647;
			files = (
			);
			inputPaths = (
				"${SRCROOT}/Pods/Target Support Files/Pods-EGProject/Pods-EGProject-resources.sh",
				"${PODS_ROOT}/MJRefresh/MJRefresh/MJRefresh.bundle",
			);
			name = "[CP] Copy Pods Resources";
			outputPaths = (
				"${TARGET_BUILD_DIR}/${UNLOCALIZED_RESOURCES_FOLDER_PATH}/MJRefresh.bundle",
			);
			runOnlyForDeploymentPostprocessing = 0;
			shellPath = /bin/sh;
			shellScript = "\"${SRCROOT}/Pods/Target Support Files/Pods-EGProject/Pods-EGProject-resources.sh\"\n";
			showEnvVarsInLog = 0;
		};
		4818620DB80AC4300BF61F20 /* [CP] Check Pods Manifest.lock */ = {
			isa = PBXShellScriptBuildPhase;
			buildActionMask = 2147483647;
			files = (
			);
			inputPaths = (
				"${PODS_PODFILE_DIR_PATH}/Podfile.lock",
				"${PODS_ROOT}/Manifest.lock",
			);
			name = "[CP] Check Pods Manifest.lock";
			outputPaths = (
				"$(DERIVED_FILE_DIR)/Pods-EGProjectUITests-checkManifestLockResult.txt",
			);
			runOnlyForDeploymentPostprocessing = 0;
			shellPath = /bin/sh;
			shellScript = "diff \"${PODS_PODFILE_DIR_PATH}/Podfile.lock\" \"${PODS_ROOT}/Manifest.lock\" > /dev/null\nif [ $? != 0 ] ; then\n    # print error to STDERR\n    echo \"error: The sandbox is not in sync with the Podfile.lock. Run 'pod install' or update your CocoaPods installation.\" >&2\n    exit 1\nfi\n# This output is used by Xcode 'outputs' to avoid re-running this script phase.\necho \"SUCCESS\" > \"${SCRIPT_OUTPUT_FILE_0}\"\n";
			showEnvVarsInLog = 0;
		};
		6CC1FC85D75386F967762481 /* [CP] Check Pods Manifest.lock */ = {
			isa = PBXShellScriptBuildPhase;
			buildActionMask = 2147483647;
			files = (
			);
			inputPaths = (
				"${PODS_PODFILE_DIR_PATH}/Podfile.lock",
				"${PODS_ROOT}/Manifest.lock",
			);
			name = "[CP] Check Pods Manifest.lock";
			outputPaths = (
				"$(DERIVED_FILE_DIR)/Pods-EGProject-checkManifestLockResult.txt",
			);
			runOnlyForDeploymentPostprocessing = 0;
			shellPath = /bin/sh;
			shellScript = "diff \"${PODS_PODFILE_DIR_PATH}/Podfile.lock\" \"${PODS_ROOT}/Manifest.lock\" > /dev/null\nif [ $? != 0 ] ; then\n    # print error to STDERR\n    echo \"error: The sandbox is not in sync with the Podfile.lock. Run 'pod install' or update your CocoaPods installation.\" >&2\n    exit 1\nfi\n# This output is used by Xcode 'outputs' to avoid re-running this script phase.\necho \"SUCCESS\" > \"${SCRIPT_OUTPUT_FILE_0}\"\n";
			showEnvVarsInLog = 0;
		};
/* End PBXShellScriptBuildPhase section */

/* Begin PBXSourcesBuildPhase section */
		91D1CC5A216DF87600211E0C /* Sources */ = {
			isa = PBXSourcesBuildPhase;
			buildActionMask = 2147483647;
			files = (
				91D1CC65216DF87700211E0C /* ViewController.m in Sources */,
				91D1CC79216DFA1A00211E0C /* EGDataHandle1ViewController.m in Sources */,
				91D1CC70216DF89700211E0C /* main.m in Sources */,
				91D1CC7C216DFA2500211E0C /* EGDataHandle2ViewController.m in Sources */,
				91D1CC80216DFC3B00211E0C /* EGAPIManager.m in Sources */,
				91D1CC62216DF87700211E0C /* AppDelegate.m in Sources */,
			);
			runOnlyForDeploymentPostprocessing = 0;
		};
		C4D95A4D1F0C70B60058F4DF /* Sources */ = {
			isa = PBXSourcesBuildPhase;
			buildActionMask = 2147483647;
			files = (
				91BC51961F24F6390074D865 /* EGSpecialTableViewCell.m in Sources */,
				C442CD021F149EB400947616 /* EGGoodsModel.m in Sources */,
				C4D95AA91F0C73010058F4DF /* EGHomeViewController.m in Sources */,
				C4FAEDC21F18547900F1F124 /* EGCustomButton.m in Sources */,
				C460EB4A1F19EE47004AD1C3 /* NSDictionary+Log.m in Sources */,
				C4AF60401F1E072C00474E97 /* EGSearchViewController.m in Sources */,
				C4D28F791F21F76500CBB5EC /* EGCommonGoodsCell.m in Sources */,
				C4AED3281F1F548C00FF1403 /* EGOrderViewController.m in Sources */,
				C4D95A591F0C70B60058F4DF /* AppDelegate.m in Sources */,
				C47541E81F21A9C50007C595 /* EGGoodsShelfBaseActionHandle.m in Sources */,
				C48A0E8F1F177594003BEAC1 /* UITableViewCell+CaculateHeight.m in Sources */,
				C4AF60391F1DFC3A00474E97 /* EGScanViewController.m in Sources */,
				91BC519E1F24F66D0074D865 /* EGOfficialRecommendController.m in Sources */,
				C4D95AAD1F0C73010058F4DF /* EGTestFunctionsController.m in Sources */,
				C4D95AAE1F0C73010058F4DF /* EGUserController.m in Sources */,
				C41131E41F261FFD00DAE972 /* UIImage+Extension.m in Sources */,
				C460EB441F19EA95004AD1C3 /* NSObject+AssociatedObject.m in Sources */,
				91BC51971F24F6390074D865 /* EGSpecialTopCollectionTableViewCell.m in Sources */,
				C460EB3E1F19E6AB004AD1C3 /* NSMutableArray+Beyond.m in Sources */,
				C48A0E861F176698003BEAC1 /* UIView+Extension.m in Sources */,
				C458B7941F2094FC0080DFAE /* EGTimeLimitViewController.m in Sources */,
				C4D95A561F0C70B60058F4DF /* main.m in Sources */,
				C45BD7C51F1F06200059E71B /* NSObject+CDD.m in Sources */,
				C48A0E981F17A82F003BEAC1 /* EGHomeNavigationBar.m in Sources */,
				C458B7971F2098080080DFAE /* EGGoodsViewController.m in Sources */,
				C4446C0A1F10DCA5007431E8 /* EGShoppingCarRecommendCell.m in Sources */,
				C460EB471F19EE22004AD1C3 /* NSArray+Log.m in Sources */,
				C460EB3B1F19E674004AD1C3 /* NSArray+Beyond.m in Sources */,
				C48A0E9B1F17AA81003BEAC1 /* UIBarButtonItem+BarButtonItemWithButton.m in Sources */,
				915FC8631F28E35700EB26EF /* EGOrderOptionsTableViewCell.m in Sources */,
				C4FAEDD01F18AAA200F1F124 /* EGSpecialController.m in Sources */,
				C4AED3201F1F3F8700FF1403 /* EGOptionTextCollectionViewCell.m in Sources */,
				C46AA9481F26E6F600DCE49B /* EGShareViewController.m in Sources */,
				C4AF603C1F1DFC4400474E97 /* EGMessagesViewController.m in Sources */,
				91BC51991F24F6490074D865 /* EGSelectController.m in Sources */,
				C48A0E951F17A805003BEAC1 /* EGSearchGoodsController.m in Sources */,
				C4FC54BB1F23170700851BB7 /* EGCameraManager.m in Sources */,
				C45BD7C41F1F06200059E71B /* CDDMutableArray.m in Sources */,
				C458B7911F2094E60080DFAE /* EGCommonViewController.m in Sources */,
				C41131E11F261DAA00DAE972 /* EGOrderBar.m in Sources */,
				C4D28F7F1F21F85000CBB5EC /* UICollectionReusableView+ReusedCellID.m in Sources */,
				C4FAEDC81F18999100F1F124 /* UIScrollView+Direction.m in Sources */,
				C4D95AA71F0C73010058F4DF /* EGBasicViewController.m in Sources */,
				C463E68D1F1744F000C22840 /* EGControllerTransitionManager.m in Sources */,
				C48A0E891F177284003BEAC1 /* EGUserInfoCatalogueCell.m in Sources */,
				C48A0E921F17A345003BEAC1 /* EGGoodsPresentController.m in Sources */,
				C460EB411F19E787004AD1C3 /* EGMethodSwizzlingHelper.m in Sources */,
				C45BD7C31F1F06200059E71B /* CDDContext.m in Sources */,
				C45BD7C61F1F06200059E71B /* UIView+CDD.m in Sources */,
				C46AA94C1F26ED3E00DCE49B /* EGTestXIBViewController.m in Sources */,
				C47541EF1F21E1940007C595 /* EGBannerCollectionViewCell.m in Sources */,
				C4AED31A1F1F3EDD00FF1403 /* EGSpecialOptionsView.m in Sources */,
				C4FAEDC51F188F6200F1F124 /* EGControllerTransitionGestureHelper.m in Sources */,
				C47541E51F21A6190007C595 /* EGPresentGoodsCollectionViewCell.m in Sources */,
				C4AED3231F1F470900FF1403 /* EGAccountInfoView.m in Sources */,
				C4AF60461F1E10F500474E97 /* EGOptionsView.m in Sources */,
				C4D95AA81F0C73010058F4DF /* EGRootTabController.m in Sources */,
				C4D95AAC1F0C73010058F4DF /* EGShoppingCarController.m in Sources */,
				91BC519F1F24F66D0074D865 /* EGSearchBar.m in Sources */,
				C4FAEDCC1F18AA6800F1F124 /* EGRecommendController.m in Sources */,
				C46A37E11F0E57F5009B0F37 /* EGNavigationController.m in Sources */,
				C46A37DD1F0E55E8009B0F37 /* UIColor+PDExtension.m in Sources */,
				C4D28F7C1F21F7FE00CBB5EC /* EGCommentClassificationCell.m in Sources */,
			);
			runOnlyForDeploymentPostprocessing = 0;
		};
		C4D95A661F0C70B60058F4DF /* Sources */ = {
			isa = PBXSourcesBuildPhase;
			buildActionMask = 2147483647;
			files = (
				C4D95A6F1F0C70B60058F4DF /* EGProjectTests.m in Sources */,
			);
			runOnlyForDeploymentPostprocessing = 0;
		};
		C4D95A711F0C70B60058F4DF /* Sources */ = {
			isa = PBXSourcesBuildPhase;
			buildActionMask = 2147483647;
			files = (
				C4D95A7A1F0C70B60058F4DF /* EGProjectUITests.m in Sources */,
			);
			runOnlyForDeploymentPostprocessing = 0;
		};
/* End PBXSourcesBuildPhase section */

/* Begin PBXTargetDependency section */
		C4D95A6C1F0C70B60058F4DF /* PBXTargetDependency */ = {
			isa = PBXTargetDependency;
			target = C4D95A501F0C70B60058F4DF /* EGProject */;
			targetProxy = C4D95A6B1F0C70B60058F4DF /* PBXContainerItemProxy */;
		};
		C4D95A771F0C70B60058F4DF /* PBXTargetDependency */ = {
			isa = PBXTargetDependency;
			target = C4D95A501F0C70B60058F4DF /* EGProject */;
			targetProxy = C4D95A761F0C70B60058F4DF /* PBXContainerItemProxy */;
		};
/* End PBXTargetDependency section */

/* Begin PBXVariantGroup section */
		91D1CC66216DF87700211E0C /* Main.storyboard */ = {
			isa = PBXVariantGroup;
			children = (
				91D1CC67216DF87700211E0C /* Base */,
			);
			name = Main.storyboard;
			sourceTree = "<group>";
		};
		91D1CC6B216DF89700211E0C /* LaunchScreen.storyboard */ = {
			isa = PBXVariantGroup;
			children = (
				91D1CC6C216DF89700211E0C /* Base */,
			);
			name = LaunchScreen.storyboard;
			sourceTree = "<group>";
		};
		C4D95A621F0C70B60058F4DF /* LaunchScreen.storyboard */ = {
			isa = PBXVariantGroup;
			children = (
				C4D95A631F0C70B60058F4DF /* Base */,
			);
			name = LaunchScreen.storyboard;
			sourceTree = "<group>";
		};
/* End PBXVariantGroup section */

/* Begin XCBuildConfiguration section */
		91D1CC72216DF89700211E0C /* Debug */ = {
			isa = XCBuildConfiguration;
			buildSettings = {
				ASSETCATALOG_COMPILER_APPICON_NAME = AppIcon;
				CLANG_CXX_LANGUAGE_STANDARD = "gnu++14";
				CLANG_ENABLE_OBJC_WEAK = YES;
				CLANG_WARN_BLOCK_CAPTURE_AUTORELEASING = YES;
				CLANG_WARN_COMMA = YES;
				CLANG_WARN_DEPRECATED_OBJC_IMPLEMENTATIONS = YES;
				CLANG_WARN_NON_LITERAL_NULL_CONVERSION = YES;
				CLANG_WARN_OBJC_IMPLICIT_RETAIN_SELF = YES;
				CLANG_WARN_OBJC_LITERAL_CONVERSION = YES;
				CLANG_WARN_RANGE_LOOP_ANALYSIS = YES;
				CLANG_WARN_STRICT_PROTOTYPES = YES;
				CLANG_WARN_UNGUARDED_AVAILABILITY = YES_AGGRESSIVE;
				CODE_SIGN_IDENTITY = "iPhone Developer";
				CODE_SIGN_STYLE = Automatic;
				DEVELOPMENT_TEAM = NXUQZ8YP3C;
				GCC_C_LANGUAGE_STANDARD = gnu11;
				INFOPLIST_FILE = DistributeDataHandle/Info.plist;
				IPHONEOS_DEPLOYMENT_TARGET = 12.0;
				LD_RUNPATH_SEARCH_PATHS = "$(inherited) @executable_path/Frameworks";
				MTL_ENABLE_DEBUG_INFO = INCLUDE_SOURCE;
				MTL_FAST_MATH = YES;
				PRODUCT_BUNDLE_IDENTIFIER = evilgoose.com.cn.hb.DistributeDataHandle;
				PRODUCT_NAME = "$(TARGET_NAME)";
				TARGETED_DEVICE_FAMILY = "1,2";
			};
			name = Debug;
		};
		91D1CC73216DF89700211E0C /* Release */ = {
			isa = XCBuildConfiguration;
			buildSettings = {
				ASSETCATALOG_COMPILER_APPICON_NAME = AppIcon;
				CLANG_CXX_LANGUAGE_STANDARD = "gnu++14";
				CLANG_ENABLE_OBJC_WEAK = YES;
				CLANG_WARN_BLOCK_CAPTURE_AUTORELEASING = YES;
				CLANG_WARN_COMMA = YES;
				CLANG_WARN_DEPRECATED_OBJC_IMPLEMENTATIONS = YES;
				CLANG_WARN_NON_LITERAL_NULL_CONVERSION = YES;
				CLANG_WARN_OBJC_IMPLICIT_RETAIN_SELF = YES;
				CLANG_WARN_OBJC_LITERAL_CONVERSION = YES;
				CLANG_WARN_RANGE_LOOP_ANALYSIS = YES;
				CLANG_WARN_STRICT_PROTOTYPES = YES;
				CLANG_WARN_UNGUARDED_AVAILABILITY = YES_AGGRESSIVE;
				CODE_SIGN_IDENTITY = "iPhone Developer";
				CODE_SIGN_STYLE = Automatic;
				DEVELOPMENT_TEAM = NXUQZ8YP3C;
				GCC_C_LANGUAGE_STANDARD = gnu11;
				INFOPLIST_FILE = DistributeDataHandle/Info.plist;
				IPHONEOS_DEPLOYMENT_TARGET = 12.0;
				LD_RUNPATH_SEARCH_PATHS = "$(inherited) @executable_path/Frameworks";
				MTL_FAST_MATH = YES;
				PRODUCT_BUNDLE_IDENTIFIER = evilgoose.com.cn.hb.DistributeDataHandle;
				PRODUCT_NAME = "$(TARGET_NAME)";
				TARGETED_DEVICE_FAMILY = "1,2";
			};
			name = Release;
		};
		C4D95A7C1F0C70B60058F4DF /* Debug */ = {
			isa = XCBuildConfiguration;
			buildSettings = {
				ALWAYS_SEARCH_USER_PATHS = NO;
				CLANG_ANALYZER_NONNULL = YES;
				CLANG_ANALYZER_NUMBER_OBJECT_CONVERSION = YES_AGGRESSIVE;
				CLANG_CXX_LANGUAGE_STANDARD = "gnu++0x";
				CLANG_CXX_LIBRARY = "libc++";
				CLANG_ENABLE_MODULES = YES;
				CLANG_ENABLE_OBJC_ARC = YES;
				CLANG_WARN_BOOL_CONVERSION = YES;
				CLANG_WARN_CONSTANT_CONVERSION = YES;
				CLANG_WARN_DIRECT_OBJC_ISA_USAGE = YES_ERROR;
				CLANG_WARN_DOCUMENTATION_COMMENTS = YES;
				CLANG_WARN_EMPTY_BODY = YES;
				CLANG_WARN_ENUM_CONVERSION = YES;
				CLANG_WARN_INFINITE_RECURSION = YES;
				CLANG_WARN_INT_CONVERSION = YES;
				CLANG_WARN_OBJC_ROOT_CLASS = YES_ERROR;
				CLANG_WARN_SUSPICIOUS_MOVE = YES;
				CLANG_WARN_UNREACHABLE_CODE = YES;
				CLANG_WARN__DUPLICATE_METHOD_MATCH = YES;
				"CODE_SIGN_IDENTITY[sdk=iphoneos*]" = "iPhone Developer";
				COPY_PHASE_STRIP = NO;
				DEBUG_INFORMATION_FORMAT = dwarf;
				ENABLE_STRICT_OBJC_MSGSEND = YES;
				ENABLE_TESTABILITY = YES;
				GCC_C_LANGUAGE_STANDARD = gnu99;
				GCC_DYNAMIC_NO_PIC = NO;
				GCC_NO_COMMON_BLOCKS = YES;
				GCC_OPTIMIZATION_LEVEL = 0;
				GCC_PREFIX_HEADER = EGProject/Classes/Basic/YHD.pch;
				GCC_PREPROCESSOR_DEFINITIONS = (
					"DEBUG=1",
					"$(inherited)",
				);
				GCC_WARN_64_TO_32_BIT_CONVERSION = YES;
				GCC_WARN_ABOUT_RETURN_TYPE = YES_ERROR;
				GCC_WARN_UNDECLARED_SELECTOR = YES;
				GCC_WARN_UNINITIALIZED_AUTOS = YES_AGGRESSIVE;
				GCC_WARN_UNUSED_FUNCTION = YES;
				GCC_WARN_UNUSED_VARIABLE = YES;
				IPHONEOS_DEPLOYMENT_TARGET = 10.3;
				MTL_ENABLE_DEBUG_INFO = YES;
				ONLY_ACTIVE_ARCH = YES;
				SDKROOT = iphoneos;
			};
			name = Debug;
		};
		C4D95A7D1F0C70B60058F4DF /* Release */ = {
			isa = XCBuildConfiguration;
			buildSettings = {
				ALWAYS_SEARCH_USER_PATHS = NO;
				CLANG_ANALYZER_NONNULL = YES;
				CLANG_ANALYZER_NUMBER_OBJECT_CONVERSION = YES_AGGRESSIVE;
				CLANG_CXX_LANGUAGE_STANDARD = "gnu++0x";
				CLANG_CXX_LIBRARY = "libc++";
				CLANG_ENABLE_MODULES = YES;
				CLANG_ENABLE_OBJC_ARC = YES;
				CLANG_WARN_BOOL_CONVERSION = YES;
				CLANG_WARN_CONSTANT_CONVERSION = YES;
				CLANG_WARN_DIRECT_OBJC_ISA_USAGE = YES_ERROR;
				CLANG_WARN_DOCUMENTATION_COMMENTS = YES;
				CLANG_WARN_EMPTY_BODY = YES;
				CLANG_WARN_ENUM_CONVERSION = YES;
				CLANG_WARN_INFINITE_RECURSION = YES;
				CLANG_WARN_INT_CONVERSION = YES;
				CLANG_WARN_OBJC_ROOT_CLASS = YES_ERROR;
				CLANG_WARN_SUSPICIOUS_MOVE = YES;
				CLANG_WARN_UNREACHABLE_CODE = YES;
				CLANG_WARN__DUPLICATE_METHOD_MATCH = YES;
				"CODE_SIGN_IDENTITY[sdk=iphoneos*]" = "iPhone Developer";
				COPY_PHASE_STRIP = NO;
				DEBUG_INFORMATION_FORMAT = "dwarf-with-dsym";
				ENABLE_NS_ASSERTIONS = NO;
				ENABLE_STRICT_OBJC_MSGSEND = YES;
				GCC_C_LANGUAGE_STANDARD = gnu99;
				GCC_NO_COMMON_BLOCKS = YES;
				GCC_PREFIX_HEADER = EGProject/Classes/Basic/YHD.pch;
				GCC_WARN_64_TO_32_BIT_CONVERSION = YES;
				GCC_WARN_ABOUT_RETURN_TYPE = YES_ERROR;
				GCC_WARN_UNDECLARED_SELECTOR = YES;
				GCC_WARN_UNINITIALIZED_AUTOS = YES_AGGRESSIVE;
				GCC_WARN_UNUSED_FUNCTION = YES;
				GCC_WARN_UNUSED_VARIABLE = YES;
				IPHONEOS_DEPLOYMENT_TARGET = 10.3;
				MTL_ENABLE_DEBUG_INFO = NO;
				SDKROOT = iphoneos;
				VALIDATE_PRODUCT = YES;
			};
			name = Release;
		};
		C4D95A7F1F0C70B60058F4DF /* Debug */ = {
			isa = XCBuildConfiguration;
			baseConfigurationReference = 1BDE30D97CDC7B43C7C138F6 /* Pods-EGProject.debug.xcconfig */;
			buildSettings = {
				ASSETCATALOG_COMPILER_APPICON_NAME = AppIcon;
				DEVELOPMENT_TEAM = NXUQZ8YP3C;
				INFOPLIST_FILE = EGProject/Info.plist;
				IPHONEOS_DEPLOYMENT_TARGET = 8.0;
				LD_RUNPATH_SEARCH_PATHS = "$(inherited) @executable_path/Frameworks";
				PRODUCT_BUNDLE_IDENTIFIER = com.evilGoose.EGProject;
				PRODUCT_NAME = "$(TARGET_NAME)";
			};
			name = Debug;
		};
		C4D95A801F0C70B60058F4DF /* Release */ = {
			isa = XCBuildConfiguration;
			baseConfigurationReference = D2708E533CFA0CA5D1C47C18 /* Pods-EGProject.release.xcconfig */;
			buildSettings = {
				ASSETCATALOG_COMPILER_APPICON_NAME = AppIcon;
				DEVELOPMENT_TEAM = NXUQZ8YP3C;
				INFOPLIST_FILE = EGProject/Info.plist;
				IPHONEOS_DEPLOYMENT_TARGET = 8.0;
				LD_RUNPATH_SEARCH_PATHS = "$(inherited) @executable_path/Frameworks";
				PRODUCT_BUNDLE_IDENTIFIER = com.evilGoose.EGProject;
				PRODUCT_NAME = "$(TARGET_NAME)";
			};
			name = Release;
		};
		C4D95A821F0C70B60058F4DF /* Debug */ = {
			isa = XCBuildConfiguration;
			baseConfigurationReference = D400CE82038D6DE093148400 /* Pods-EGProjectTests.debug.xcconfig */;
			buildSettings = {
				BUNDLE_LOADER = "$(TEST_HOST)";
				DEVELOPMENT_TEAM = 3RQ4UGLT33;
				INFOPLIST_FILE = EGProjectTests/Info.plist;
				LD_RUNPATH_SEARCH_PATHS = "$(inherited) @executable_path/Frameworks @loader_path/Frameworks";
				PRODUCT_BUNDLE_IDENTIFIER = com.evilGoose.EGProjectTests;
				PRODUCT_NAME = "$(TARGET_NAME)";
				TEST_HOST = "$(BUILT_PRODUCTS_DIR)/EGProject.app/EGProject";
			};
			name = Debug;
		};
		C4D95A831F0C70B60058F4DF /* Release */ = {
			isa = XCBuildConfiguration;
			baseConfigurationReference = A17F8352A51A27CB4C5A1BD7 /* Pods-EGProjectTests.release.xcconfig */;
			buildSettings = {
				BUNDLE_LOADER = "$(TEST_HOST)";
				DEVELOPMENT_TEAM = 3RQ4UGLT33;
				INFOPLIST_FILE = EGProjectTests/Info.plist;
				LD_RUNPATH_SEARCH_PATHS = "$(inherited) @executable_path/Frameworks @loader_path/Frameworks";
				PRODUCT_BUNDLE_IDENTIFIER = com.evilGoose.EGProjectTests;
				PRODUCT_NAME = "$(TARGET_NAME)";
				TEST_HOST = "$(BUILT_PRODUCTS_DIR)/EGProject.app/EGProject";
			};
			name = Release;
		};
		C4D95A851F0C70B60058F4DF /* Debug */ = {
			isa = XCBuildConfiguration;
			baseConfigurationReference = DBB41D69B4A0EA14AD384518 /* Pods-EGProjectUITests.debug.xcconfig */;
			buildSettings = {
				DEVELOPMENT_TEAM = 3RQ4UGLT33;
				INFOPLIST_FILE = EGProjectUITests/Info.plist;
				LD_RUNPATH_SEARCH_PATHS = "$(inherited) @executable_path/Frameworks @loader_path/Frameworks";
				PRODUCT_BUNDLE_IDENTIFIER = com.evilGoose.EGProjectUITests;
				PRODUCT_NAME = "$(TARGET_NAME)";
				TEST_TARGET_NAME = EGProject;
			};
			name = Debug;
		};
		C4D95A861F0C70B60058F4DF /* Release */ = {
			isa = XCBuildConfiguration;
			baseConfigurationReference = A98F6E4E5E5FF6BAFDF37C4E /* Pods-EGProjectUITests.release.xcconfig */;
			buildSettings = {
				DEVELOPMENT_TEAM = 3RQ4UGLT33;
				INFOPLIST_FILE = EGProjectUITests/Info.plist;
				LD_RUNPATH_SEARCH_PATHS = "$(inherited) @executable_path/Frameworks @loader_path/Frameworks";
				PRODUCT_BUNDLE_IDENTIFIER = com.evilGoose.EGProjectUITests;
				PRODUCT_NAME = "$(TARGET_NAME)";
				TEST_TARGET_NAME = EGProject;
			};
			name = Release;
		};
/* End XCBuildConfiguration section */

/* Begin XCConfigurationList section */
		91D1CC71216DF89700211E0C /* Build configuration list for PBXNativeTarget "DistributeDataHandle" */ = {
			isa = XCConfigurationList;
			buildConfigurations = (
				91D1CC72216DF89700211E0C /* Debug */,
				91D1CC73216DF89700211E0C /* Release */,
			);
			defaultConfigurationIsVisible = 0;
			defaultConfigurationName = Release;
		};
		C4D95A4C1F0C70B60058F4DF /* Build configuration list for PBXProject "EGProject" */ = {
			isa = XCConfigurationList;
			buildConfigurations = (
				C4D95A7C1F0C70B60058F4DF /* Debug */,
				C4D95A7D1F0C70B60058F4DF /* Release */,
			);
			defaultConfigurationIsVisible = 0;
			defaultConfigurationName = Release;
		};
		C4D95A7E1F0C70B60058F4DF /* Build configuration list for PBXNativeTarget "EGProject" */ = {
			isa = XCConfigurationList;
			buildConfigurations = (
				C4D95A7F1F0C70B60058F4DF /* Debug */,
				C4D95A801F0C70B60058F4DF /* Release */,
			);
			defaultConfigurationIsVisible = 0;
			defaultConfigurationName = Release;
		};
		C4D95A811F0C70B60058F4DF /* Build configuration list for PBXNativeTarget "EGProjectTests" */ = {
			isa = XCConfigurationList;
			buildConfigurations = (
				C4D95A821F0C70B60058F4DF /* Debug */,
				C4D95A831F0C70B60058F4DF /* Release */,
			);
			defaultConfigurationIsVisible = 0;
			defaultConfigurationName = Release;
		};
		C4D95A841F0C70B60058F4DF /* Build configuration list for PBXNativeTarget "EGProjectUITests" */ = {
			isa = XCConfigurationList;
			buildConfigurations = (
				C4D95A851F0C70B60058F4DF /* Debug */,
				C4D95A861F0C70B60058F4DF /* Release */,
			);
			defaultConfigurationIsVisible = 0;
			defaultConfigurationName = Release;
		};
/* End XCConfigurationList section */
	};
	rootObject = C4D95A491F0C70B60058F4DF /* Project object */;
}
